// !$*UTF8*$!
{
	archiveVersion = 1;
	classes = {
	};
	objectVersion = 46;
	objects = {

/* Begin PBXBuildFile section */
		8402702A18F9C0CB00598EE2 /* CoreMotion.framework in Frameworks */ = {isa = PBXBuildFile; fileRef = 8402702918F9C0CB00598EE2 /* CoreMotion.framework */; };
		8402703318F9E71800598EE2 /* butt.png in Resources */ = {isa = PBXBuildFile; fileRef = 8402703218F9E71800598EE2 /* butt.png */; };
		84068D9D196B250F0053355C /* SideMenuViewController.m in Sources */ = {isa = PBXBuildFile; fileRef = 84068D9B196B250F0053355C /* SideMenuViewController.m */; };
		84068D9E196B250F0053355C /* SideMenuViewController.xib in Resources */ = {isa = PBXBuildFile; fileRef = 84068D9C196B250F0053355C /* SideMenuViewController.xib */; };
		84068DA2196B4EFA0053355C /* Friend.m in Sources */ = {isa = PBXBuildFile; fileRef = 84068DA1196B4EFA0053355C /* Friend.m */; };
		84068DA4196B8F750053355C /* MobileCoreServices.framework in Frameworks */ = {isa = PBXBuildFile; fileRef = 84068DA3196B8F750053355C /* MobileCoreServices.framework */; };
		8439845219AA6BFB002E3047 /* WGTimer.m in Sources */ = {isa = PBXBuildFile; fileRef = 8439845119AA6BFB002E3047 /* WGTimer.m */; };
		8439845519AAF93A002E3047 /* MachTimer.m in Sources */ = {isa = PBXBuildFile; fileRef = 8439845419AAF93A002E3047 /* MachTimer.m */; };
		8461E931194E73B200E2D809 /* Image.xcassets in Resources */ = {isa = PBXBuildFile; fileRef = 8461E930194E73B200E2D809 /* Image.xcassets */; };
		8461E93F194ED24700E2D809 /* READ.rtf in Resources */ = {isa = PBXBuildFile; fileRef = 8461E93E194ED24700E2D809 /* READ.rtf */; };
		8461E943194ED2C300E2D809 /* LoginViewController.m in Sources */ = {isa = PBXBuildFile; fileRef = 8461E941194ED2C300E2D809 /* LoginViewController.m */; };
		8461E944194ED2C300E2D809 /* LoginViewController.xib in Resources */ = {isa = PBXBuildFile; fileRef = 8461E942194ED2C300E2D809 /* LoginViewController.xib */; };
		8461E94F1950188F00E2D809 /* ShareViewController.m in Sources */ = {isa = PBXBuildFile; fileRef = 8461E94D1950188F00E2D809 /* ShareViewController.m */; };
		8461E9501950188F00E2D809 /* ShareViewController.xib in Resources */ = {isa = PBXBuildFile; fileRef = 8461E94E1950188F00E2D809 /* ShareViewController.xib */; };
		846F8A47196498AE000401E8 /* MapViewController.m in Sources */ = {isa = PBXBuildFile; fileRef = 846F8A45196498AE000401E8 /* MapViewController.m */; };
		846F8A48196498AE000401E8 /* MapViewController.xib in Resources */ = {isa = PBXBuildFile; fileRef = 846F8A46196498AE000401E8 /* MapViewController.xib */; };
		846F8A4C1965C184000401E8 /* CoreLocation.framework in Frameworks */ = {isa = PBXBuildFile; fileRef = 846F8A4B1965C184000401E8 /* CoreLocation.framework */; };
		846F8A4E1965D450000401E8 /* MapKit.framework in Frameworks */ = {isa = PBXBuildFile; fileRef = 846F8A4D1965D450000401E8 /* MapKit.framework */; };
		84B15D2D19995F2100F94E9C /* QuartzCore.framework in Frameworks */ = {isa = PBXBuildFile; fileRef = 84B15D2C19995F2100F94E9C /* QuartzCore.framework */; };
		84B15D2F19995FCB00F94E9C /* CoreImage.framework in Frameworks */ = {isa = PBXBuildFile; fileRef = 84B15D2E19995FCB00F94E9C /* CoreImage.framework */; };
		84B15D39199ADDA500F94E9C /* lulsides.png in Resources */ = {isa = PBXBuildFile; fileRef = 84B15D38199ADDA500F94E9C /* lulsides.png */; };
		84B15D3B199AE0B500F94E9C /* getfucked.png in Resources */ = {isa = PBXBuildFile; fileRef = 84B15D3A199AE0B500F94E9C /* getfucked.png */; };
		84B15D3D199AE15D00F94E9C /* wouldbang.png in Resources */ = {isa = PBXBuildFile; fileRef = 84B15D3C199AE15D00F94E9C /* wouldbang.png */; };
		84CC1D0E1985967B00AFECC4 /* CustomCallout.m in Sources */ = {isa = PBXBuildFile; fileRef = 84CC1D0D1985967B00AFECC4 /* CustomCallout.m */; };
		84CC1D10198599DF00AFECC4 /* calloutView.xib in Resources */ = {isa = PBXBuildFile; fileRef = 84CC1D0F198599DF00AFECC4 /* calloutView.xib */; };
		84DA0D1C18F92C2B00DE364F /* Foundation.framework in Frameworks */ = {isa = PBXBuildFile; fileRef = 84DA0D1B18F92C2B00DE364F /* Foundation.framework */; };
		84DA0D1E18F92C2B00DE364F /* CoreGraphics.framework in Frameworks */ = {isa = PBXBuildFile; fileRef = 84DA0D1D18F92C2B00DE364F /* CoreGraphics.framework */; };
		84DA0D2018F92C2B00DE364F /* UIKit.framework in Frameworks */ = {isa = PBXBuildFile; fileRef = 84DA0D1F18F92C2B00DE364F /* UIKit.framework */; };
		84DA0D2218F92C2B00DE364F /* CoreData.framework in Frameworks */ = {isa = PBXBuildFile; fileRef = 84DA0D2118F92C2B00DE364F /* CoreData.framework */; };
		84DA0D2818F92C2B00DE364F /* InfoPlist.strings in Resources */ = {isa = PBXBuildFile; fileRef = 84DA0D2618F92C2B00DE364F /* InfoPlist.strings */; };
		84DA0D2A18F92C2B00DE364F /* main.m in Sources */ = {isa = PBXBuildFile; fileRef = 84DA0D2918F92C2B00DE364F /* main.m */; };
		84DA0D2E18F92C2B00DE364F /* AppDelegate.m in Sources */ = {isa = PBXBuildFile; fileRef = 84DA0D2D18F92C2B00DE364F /* AppDelegate.m */; };
		84DA0D3118F92C2B00DE364F /* Twerk.xcdatamodeld in Sources */ = {isa = PBXBuildFile; fileRef = 84DA0D2F18F92C2B00DE364F /* Twerk.xcdatamodeld */; };
		84DA0D3A18F92C2B00DE364F /* XCTest.framework in Frameworks */ = {isa = PBXBuildFile; fileRef = 84DA0D3918F92C2B00DE364F /* XCTest.framework */; };
		84DA0D3B18F92C2B00DE364F /* Foundation.framework in Frameworks */ = {isa = PBXBuildFile; fileRef = 84DA0D1B18F92C2B00DE364F /* Foundation.framework */; };
		84DA0D3C18F92C2B00DE364F /* UIKit.framework in Frameworks */ = {isa = PBXBuildFile; fileRef = 84DA0D1F18F92C2B00DE364F /* UIKit.framework */; };
		84DA0D3D18F92C2B00DE364F /* CoreData.framework in Frameworks */ = {isa = PBXBuildFile; fileRef = 84DA0D2118F92C2B00DE364F /* CoreData.framework */; };
		84DA0D4518F92C2B00DE364F /* InfoPlist.strings in Resources */ = {isa = PBXBuildFile; fileRef = 84DA0D4318F92C2B00DE364F /* InfoPlist.strings */; };
		84DA0D4718F92C2B00DE364F /* TwerkTests.m in Sources */ = {isa = PBXBuildFile; fileRef = 84DA0D4618F92C2B00DE364F /* TwerkTests.m */; };
		84F24FE41973970000013F47 /* User.m in Sources */ = {isa = PBXBuildFile; fileRef = 84F24FE31973970000013F47 /* User.m */; };
		84F24FEC1974EBB500013F47 /* SearchData.m in Sources */ = {isa = PBXBuildFile; fileRef = 84F24FEB1974EBB500013F47 /* SearchData.m */; };
		84F24FEF1975F17300013F47 /* WGMap.m in Sources */ = {isa = PBXBuildFile; fileRef = 84F24FEE1975F17300013F47 /* WGMap.m */; };
		84F24FF21976045200013F47 /* WGPhoto.m in Sources */ = {isa = PBXBuildFile; fileRef = 84F24FF11976045200013F47 /* WGPhoto.m */; };
		84F24FF919764A5A00013F47 /* TODO.rtf in Resources */ = {isa = PBXBuildFile; fileRef = 84F24FF819764A5A00013F47 /* TODO.rtf */; };
		84F250001977630200013F47 /* IGRequest.m in Sources */ = {isa = PBXBuildFile; fileRef = 84F24FFD1977630200013F47 /* IGRequest.m */; };
		84F250011977630200013F47 /* Instagram.m in Sources */ = {isa = PBXBuildFile; fileRef = 84F24FFF1977630200013F47 /* Instagram.m */; };
		84F250071981BD9600013F47 /* CustomAnnotation.m in Sources */ = {isa = PBXBuildFile; fileRef = 84F250061981BD9600013F47 /* CustomAnnotation.m */; };
/* End PBXBuildFile section */

/* Begin PBXContainerItemProxy section */
		84DA0D3E18F92C2B00DE364F /* PBXContainerItemProxy */ = {
			isa = PBXContainerItemProxy;
			containerPortal = 84DA0D1018F92C2B00DE364F /* Project object */;
			proxyType = 1;
			remoteGlobalIDString = 84DA0D1718F92C2B00DE364F;
			remoteInfo = Twerk;
		};
/* End PBXContainerItemProxy section */

/* Begin PBXFileReference section */
		8402702918F9C0CB00598EE2 /* CoreMotion.framework */ = {isa = PBXFileReference; lastKnownFileType = wrapper.framework; name = CoreMotion.framework; path = System/Library/Frameworks/CoreMotion.framework; sourceTree = SDKROOT; };
		8402703218F9E71800598EE2 /* butt.png */ = {isa = PBXFileReference; lastKnownFileType = image.png; path = butt.png; sourceTree = SOURCE_ROOT; };
		84068D9A196B250F0053355C /* SideMenuViewController.h */ = {isa = PBXFileReference; fileEncoding = 4; lastKnownFileType = sourcecode.c.h; path = SideMenuViewController.h; sourceTree = "<group>"; };
		84068D9B196B250F0053355C /* SideMenuViewController.m */ = {isa = PBXFileReference; fileEncoding = 4; lastKnownFileType = sourcecode.c.objc; path = SideMenuViewController.m; sourceTree = "<group>"; };
		84068D9C196B250F0053355C /* SideMenuViewController.xib */ = {isa = PBXFileReference; fileEncoding = 4; lastKnownFileType = file.xib; path = SideMenuViewController.xib; sourceTree = "<group>"; };
		84068DA0196B4EFA0053355C /* Friend.h */ = {isa = PBXFileReference; fileEncoding = 4; lastKnownFileType = sourcecode.c.h; path = Friend.h; sourceTree = "<group>"; };
		84068DA1196B4EFA0053355C /* Friend.m */ = {isa = PBXFileReference; fileEncoding = 4; lastKnownFileType = sourcecode.c.objc; path = Friend.m; sourceTree = "<group>"; };
		84068DA3196B8F750053355C /* MobileCoreServices.framework */ = {isa = PBXFileReference; lastKnownFileType = wrapper.framework; name = MobileCoreServices.framework; path = System/Library/Frameworks/MobileCoreServices.framework; sourceTree = SDKROOT; };
		8439845019AA6BFB002E3047 /* WGTimer.h */ = {isa = PBXFileReference; fileEncoding = 4; lastKnownFileType = sourcecode.c.h; path = WGTimer.h; sourceTree = "<group>"; };
		8439845119AA6BFB002E3047 /* WGTimer.m */ = {isa = PBXFileReference; fileEncoding = 4; lastKnownFileType = sourcecode.c.objc; path = WGTimer.m; sourceTree = "<group>"; };
		8439845319AAF93A002E3047 /* MachTimer.h */ = {isa = PBXFileReference; fileEncoding = 4; lastKnownFileType = sourcecode.c.h; path = MachTimer.h; sourceTree = "<group>"; };
		8439845419AAF93A002E3047 /* MachTimer.m */ = {isa = PBXFileReference; fileEncoding = 4; lastKnownFileType = sourcecode.c.objc; path = MachTimer.m; sourceTree = "<group>"; };
		8461E930194E73B200E2D809 /* Image.xcassets */ = {isa = PBXFileReference; lastKnownFileType = folder.assetcatalog; path = Image.xcassets; sourceTree = "<group>"; };
		8461E93E194ED24700E2D809 /* READ.rtf */ = {isa = PBXFileReference; fileEncoding = 4; lastKnownFileType = text.rtf; path = READ.rtf; sourceTree = "<group>"; };
		8461E940194ED2C300E2D809 /* LoginViewController.h */ = {isa = PBXFileReference; fileEncoding = 4; lastKnownFileType = sourcecode.c.h; path = LoginViewController.h; sourceTree = "<group>"; };
		8461E941194ED2C300E2D809 /* LoginViewController.m */ = {isa = PBXFileReference; fileEncoding = 4; lastKnownFileType = sourcecode.c.objc; path = LoginViewController.m; sourceTree = "<group>"; };
		8461E942194ED2C300E2D809 /* LoginViewController.xib */ = {isa = PBXFileReference; fileEncoding = 4; lastKnownFileType = file.xib; path = LoginViewController.xib; sourceTree = "<group>"; };
		8461E94C1950188F00E2D809 /* ShareViewController.h */ = {isa = PBXFileReference; fileEncoding = 4; lastKnownFileType = sourcecode.c.h; path = ShareViewController.h; sourceTree = "<group>"; };
		8461E94D1950188F00E2D809 /* ShareViewController.m */ = {isa = PBXFileReference; fileEncoding = 4; lastKnownFileType = sourcecode.c.objc; path = ShareViewController.m; sourceTree = "<group>"; };
		8461E94E1950188F00E2D809 /* ShareViewController.xib */ = {isa = PBXFileReference; fileEncoding = 4; lastKnownFileType = file.xib; path = ShareViewController.xib; sourceTree = "<group>"; };
		846F8A44196498AE000401E8 /* MapViewController.h */ = {isa = PBXFileReference; fileEncoding = 4; lastKnownFileType = sourcecode.c.h; path = MapViewController.h; sourceTree = "<group>"; };
		846F8A45196498AE000401E8 /* MapViewController.m */ = {isa = PBXFileReference; fileEncoding = 4; lastKnownFileType = sourcecode.c.objc; path = MapViewController.m; sourceTree = "<group>"; };
		846F8A46196498AE000401E8 /* MapViewController.xib */ = {isa = PBXFileReference; fileEncoding = 4; lastKnownFileType = file.xib; path = MapViewController.xib; sourceTree = "<group>"; };
		846F8A4B1965C184000401E8 /* CoreLocation.framework */ = {isa = PBXFileReference; lastKnownFileType = wrapper.framework; name = CoreLocation.framework; path = System/Library/Frameworks/CoreLocation.framework; sourceTree = SDKROOT; };
		846F8A4D1965D450000401E8 /* MapKit.framework */ = {isa = PBXFileReference; lastKnownFileType = wrapper.framework; name = MapKit.framework; path = System/Library/Frameworks/MapKit.framework; sourceTree = SDKROOT; };
		84B15D2C19995F2100F94E9C /* QuartzCore.framework */ = {isa = PBXFileReference; lastKnownFileType = wrapper.framework; name = QuartzCore.framework; path = System/Library/Frameworks/QuartzCore.framework; sourceTree = SDKROOT; };
		84B15D2E19995FCB00F94E9C /* CoreImage.framework */ = {isa = PBXFileReference; lastKnownFileType = wrapper.framework; name = CoreImage.framework; path = System/Library/Frameworks/CoreImage.framework; sourceTree = SDKROOT; };
		84B15D38199ADDA500F94E9C /* lulsides.png */ = {isa = PBXFileReference; lastKnownFileType = image.png; path = lulsides.png; sourceTree = "<group>"; };
		84B15D3A199AE0B500F94E9C /* getfucked.png */ = {isa = PBXFileReference; lastKnownFileType = image.png; path = getfucked.png; sourceTree = "<group>"; };
		84B15D3C199AE15D00F94E9C /* wouldbang.png */ = {isa = PBXFileReference; lastKnownFileType = image.png; path = wouldbang.png; sourceTree = "<group>"; };
		84CC1D0C1985967B00AFECC4 /* CustomCallout.h */ = {isa = PBXFileReference; fileEncoding = 4; lastKnownFileType = sourcecode.c.h; path = CustomCallout.h; sourceTree = "<group>"; };
		84CC1D0D1985967B00AFECC4 /* CustomCallout.m */ = {isa = PBXFileReference; fileEncoding = 4; lastKnownFileType = sourcecode.c.objc; path = CustomCallout.m; sourceTree = "<group>"; };
		84CC1D0F198599DF00AFECC4 /* calloutView.xib */ = {isa = PBXFileReference; fileEncoding = 4; lastKnownFileType = file.xib; path = calloutView.xib; sourceTree = "<group>"; };
		84DA0D1818F92C2B00DE364F /* Picto.app */ = {isa = PBXFileReference; explicitFileType = wrapper.application; includeInIndex = 0; path = Picto.app; sourceTree = BUILT_PRODUCTS_DIR; };
		84DA0D1B18F92C2B00DE364F /* Foundation.framework */ = {isa = PBXFileReference; lastKnownFileType = wrapper.framework; name = Foundation.framework; path = System/Library/Frameworks/Foundation.framework; sourceTree = SDKROOT; };
		84DA0D1D18F92C2B00DE364F /* CoreGraphics.framework */ = {isa = PBXFileReference; lastKnownFileType = wrapper.framework; name = CoreGraphics.framework; path = System/Library/Frameworks/CoreGraphics.framework; sourceTree = SDKROOT; };
		84DA0D1F18F92C2B00DE364F /* UIKit.framework */ = {isa = PBXFileReference; lastKnownFileType = wrapper.framework; name = UIKit.framework; path = System/Library/Frameworks/UIKit.framework; sourceTree = SDKROOT; };
		84DA0D2118F92C2B00DE364F /* CoreData.framework */ = {isa = PBXFileReference; lastKnownFileType = wrapper.framework; name = CoreData.framework; path = System/Library/Frameworks/CoreData.framework; sourceTree = SDKROOT; };
		84DA0D2518F92C2B00DE364F /* Picto-Info.plist */ = {isa = PBXFileReference; lastKnownFileType = text.plist.xml; path = "Picto-Info.plist"; sourceTree = "<group>"; };
		84DA0D2718F92C2B00DE364F /* en */ = {isa = PBXFileReference; lastKnownFileType = text.plist.strings; name = en; path = en.lproj/InfoPlist.strings; sourceTree = "<group>"; };
		84DA0D2918F92C2B00DE364F /* main.m */ = {isa = PBXFileReference; lastKnownFileType = sourcecode.c.objc; path = main.m; sourceTree = "<group>"; };
		84DA0D2B18F92C2B00DE364F /* Picto-Prefix.pch */ = {isa = PBXFileReference; lastKnownFileType = sourcecode.c.h; path = "Picto-Prefix.pch"; sourceTree = "<group>"; };
		84DA0D2C18F92C2B00DE364F /* AppDelegate.h */ = {isa = PBXFileReference; lastKnownFileType = sourcecode.c.h; path = AppDelegate.h; sourceTree = "<group>"; };
		84DA0D2D18F92C2B00DE364F /* AppDelegate.m */ = {isa = PBXFileReference; lastKnownFileType = sourcecode.c.objc; path = AppDelegate.m; sourceTree = "<group>"; };
		84DA0D3018F92C2B00DE364F /* Twerk.xcdatamodel */ = {isa = PBXFileReference; lastKnownFileType = wrapper.xcdatamodel; path = Twerk.xcdatamodel; sourceTree = "<group>"; };
		84DA0D3818F92C2B00DE364F /* PictoTests.xctest */ = {isa = PBXFileReference; explicitFileType = wrapper.cfbundle; includeInIndex = 0; path = PictoTests.xctest; sourceTree = BUILT_PRODUCTS_DIR; };
		84DA0D3918F92C2B00DE364F /* XCTest.framework */ = {isa = PBXFileReference; lastKnownFileType = wrapper.framework; name = XCTest.framework; path = Library/Frameworks/XCTest.framework; sourceTree = DEVELOPER_DIR; };
		84DA0D4218F92C2B00DE364F /* PictoTests-Info.plist */ = {isa = PBXFileReference; lastKnownFileType = text.plist.xml; path = "PictoTests-Info.plist"; sourceTree = "<group>"; };
		84DA0D4418F92C2B00DE364F /* en */ = {isa = PBXFileReference; lastKnownFileType = text.plist.strings; name = en; path = en.lproj/InfoPlist.strings; sourceTree = "<group>"; };
		84DA0D4618F92C2B00DE364F /* TwerkTests.m */ = {isa = PBXFileReference; lastKnownFileType = sourcecode.c.objc; path = TwerkTests.m; sourceTree = "<group>"; };
		84F24FE21973970000013F47 /* User.h */ = {isa = PBXFileReference; fileEncoding = 4; lastKnownFileType = sourcecode.c.h; path = User.h; sourceTree = "<group>"; };
		84F24FE31973970000013F47 /* User.m */ = {isa = PBXFileReference; fileEncoding = 4; lastKnownFileType = sourcecode.c.objc; path = User.m; sourceTree = "<group>"; };
		84F24FEA1974EBB500013F47 /* SearchData.h */ = {isa = PBXFileReference; fileEncoding = 4; lastKnownFileType = sourcecode.c.h; path = SearchData.h; sourceTree = "<group>"; };
		84F24FEB1974EBB500013F47 /* SearchData.m */ = {isa = PBXFileReference; fileEncoding = 4; lastKnownFileType = sourcecode.c.objc; path = SearchData.m; sourceTree = "<group>"; };
		84F24FED1975F17300013F47 /* WGMap.h */ = {isa = PBXFileReference; fileEncoding = 4; lastKnownFileType = sourcecode.c.h; path = WGMap.h; sourceTree = "<group>"; };
		84F24FEE1975F17300013F47 /* WGMap.m */ = {isa = PBXFileReference; fileEncoding = 4; lastKnownFileType = sourcecode.c.objc; path = WGMap.m; sourceTree = "<group>"; };
		84F24FF01976045200013F47 /* WGPhoto.h */ = {isa = PBXFileReference; fileEncoding = 4; lastKnownFileType = sourcecode.c.h; path = WGPhoto.h; sourceTree = "<group>"; };
		84F24FF11976045200013F47 /* WGPhoto.m */ = {isa = PBXFileReference; fileEncoding = 4; lastKnownFileType = sourcecode.c.objc; path = WGPhoto.m; sourceTree = "<group>"; };
		84F24FF819764A5A00013F47 /* TODO.rtf */ = {isa = PBXFileReference; fileEncoding = 4; lastKnownFileType = text.rtf; path = TODO.rtf; sourceTree = "<group>"; };
		84F24FFB1977630200013F47 /* IGConnect.h */ = {isa = PBXFileReference; fileEncoding = 4; lastKnownFileType = sourcecode.c.h; path = IGConnect.h; sourceTree = "<group>"; };
		84F24FFC1977630200013F47 /* IGRequest.h */ = {isa = PBXFileReference; fileEncoding = 4; lastKnownFileType = sourcecode.c.h; path = IGRequest.h; sourceTree = "<group>"; };
		84F24FFD1977630200013F47 /* IGRequest.m */ = {isa = PBXFileReference; fileEncoding = 4; lastKnownFileType = sourcecode.c.objc; path = IGRequest.m; sourceTree = "<group>"; };
		84F24FFE1977630200013F47 /* Instagram.h */ = {isa = PBXFileReference; fileEncoding = 4; lastKnownFileType = sourcecode.c.h; path = Instagram.h; sourceTree = "<group>"; };
		84F24FFF1977630200013F47 /* Instagram.m */ = {isa = PBXFileReference; fileEncoding = 4; lastKnownFileType = sourcecode.c.objc; path = Instagram.m; sourceTree = "<group>"; };
		84F250051981BD9600013F47 /* CustomAnnotation.h */ = {isa = PBXFileReference; fileEncoding = 4; lastKnownFileType = sourcecode.c.h; name = CustomAnnotation.h; path = ../CustomAnnotation.h; sourceTree = "<group>"; };
		84F250061981BD9600013F47 /* CustomAnnotation.m */ = {isa = PBXFileReference; fileEncoding = 4; lastKnownFileType = sourcecode.c.objc; name = CustomAnnotation.m; path = ../CustomAnnotation.m; sourceTree = "<group>"; };
/* End PBXFileReference section */

/* Begin PBXFrameworksBuildPhase section */
		84DA0D1518F92C2B00DE364F /* Frameworks */ = {
			isa = PBXFrameworksBuildPhase;
			buildActionMask = 2147483647;
			files = (
				84B15D2F19995FCB00F94E9C /* CoreImage.framework in Frameworks */,
				84B15D2D19995F2100F94E9C /* QuartzCore.framework in Frameworks */,
				84068DA4196B8F750053355C /* MobileCoreServices.framework in Frameworks */,
				846F8A4E1965D450000401E8 /* MapKit.framework in Frameworks */,
				846F8A4C1965C184000401E8 /* CoreLocation.framework in Frameworks */,
				8402702A18F9C0CB00598EE2 /* CoreMotion.framework in Frameworks */,
				84DA0D1E18F92C2B00DE364F /* CoreGraphics.framework in Frameworks */,
				84DA0D2218F92C2B00DE364F /* CoreData.framework in Frameworks */,
				84DA0D2018F92C2B00DE364F /* UIKit.framework in Frameworks */,
				84DA0D1C18F92C2B00DE364F /* Foundation.framework in Frameworks */,
			);
			runOnlyForDeploymentPostprocessing = 0;
		};
		84DA0D3518F92C2B00DE364F /* Frameworks */ = {
			isa = PBXFrameworksBuildPhase;
			buildActionMask = 2147483647;
			files = (
				84DA0D3A18F92C2B00DE364F /* XCTest.framework in Frameworks */,
				84DA0D3D18F92C2B00DE364F /* CoreData.framework in Frameworks */,
				84DA0D3C18F92C2B00DE364F /* UIKit.framework in Frameworks */,
				84DA0D3B18F92C2B00DE364F /* Foundation.framework in Frameworks */,
			);
			runOnlyForDeploymentPostprocessing = 0;
		};
/* End PBXFrameworksBuildPhase section */

/* Begin PBXGroup section */
		84068D9F196B4ED80053355C /* Data */ = {
			isa = PBXGroup;
			children = (
				84F250051981BD9600013F47 /* CustomAnnotation.h */,
				84F250061981BD9600013F47 /* CustomAnnotation.m */,
				84068DA0196B4EFA0053355C /* Friend.h */,
				84068DA1196B4EFA0053355C /* Friend.m */,
				84F24FE21973970000013F47 /* User.h */,
				84F24FE31973970000013F47 /* User.m */,
				84F24FEA1974EBB500013F47 /* SearchData.h */,
				84F24FEB1974EBB500013F47 /* SearchData.m */,
				84F24FED1975F17300013F47 /* WGMap.h */,
				84F24FEE1975F17300013F47 /* WGMap.m */,
				84F24FF01976045200013F47 /* WGPhoto.h */,
				84F24FF11976045200013F47 /* WGPhoto.m */,
			);
			name = Data;
			sourceTree = "<group>";
		};
		84DA0D0F18F92C2B00DE364F = {
			isa = PBXGroup;
			children = (
				84DA0D2318F92C2B00DE364F /* Twerk */,
				84DA0D4018F92C2B00DE364F /* TwerkTests */,
				84DA0D1A18F92C2B00DE364F /* Frameworks */,
				84DA0D1918F92C2B00DE364F /* Products */,
			);
			sourceTree = "<group>";
		};
		84DA0D1918F92C2B00DE364F /* Products */ = {
			isa = PBXGroup;
			children = (
				84DA0D1818F92C2B00DE364F /* Picto.app */,
				84DA0D3818F92C2B00DE364F /* PictoTests.xctest */,
			);
			name = Products;
			sourceTree = "<group>";
		};
		84DA0D1A18F92C2B00DE364F /* Frameworks */ = {
			isa = PBXGroup;
			children = (
				84B15D2E19995FCB00F94E9C /* CoreImage.framework */,
				84B15D2C19995F2100F94E9C /* QuartzCore.framework */,
				84068DA3196B8F750053355C /* MobileCoreServices.framework */,
				846F8A4D1965D450000401E8 /* MapKit.framework */,
				846F8A4B1965C184000401E8 /* CoreLocation.framework */,
				8402702918F9C0CB00598EE2 /* CoreMotion.framework */,
				84DA0D1B18F92C2B00DE364F /* Foundation.framework */,
				84DA0D1D18F92C2B00DE364F /* CoreGraphics.framework */,
				84DA0D1F18F92C2B00DE364F /* UIKit.framework */,
				84DA0D2118F92C2B00DE364F /* CoreData.framework */,
				84DA0D3918F92C2B00DE364F /* XCTest.framework */,
			);
			name = Frameworks;
			sourceTree = "<group>";
		};
		84DA0D2318F92C2B00DE364F /* Twerk */ = {
			isa = PBXGroup;
			children = (
				84F24FFA1977630200013F47 /* instagram-ios-sdk */,
				84068D9F196B4ED80053355C /* Data */,
				84DA0D2C18F92C2B00DE364F /* AppDelegate.h */,
				84DA0D2D18F92C2B00DE364F /* AppDelegate.m */,
				8461E930194E73B200E2D809 /* Image.xcassets */,
				84DA0D2F18F92C2B00DE364F /* Twerk.xcdatamodeld */,
				8461E940194ED2C300E2D809 /* LoginViewController.h */,
				8461E941194ED2C300E2D809 /* LoginViewController.m */,
				8461E942194ED2C300E2D809 /* LoginViewController.xib */,
				84DA0D2418F92C2B00DE364F /* Supporting Files */,
				8461E93E194ED24700E2D809 /* READ.rtf */,
				84F24FF819764A5A00013F47 /* TODO.rtf */,
				8461E94C1950188F00E2D809 /* ShareViewController.h */,
				8461E94D1950188F00E2D809 /* ShareViewController.m */,
				8461E94E1950188F00E2D809 /* ShareViewController.xib */,
				846F8A44196498AE000401E8 /* MapViewController.h */,
				846F8A45196498AE000401E8 /* MapViewController.m */,
				846F8A46196498AE000401E8 /* MapViewController.xib */,
				84068D9A196B250F0053355C /* SideMenuViewController.h */,
				84068D9B196B250F0053355C /* SideMenuViewController.m */,
				84068D9C196B250F0053355C /* SideMenuViewController.xib */,
				84CC1D0C1985967B00AFECC4 /* CustomCallout.h */,
				84CC1D0D1985967B00AFECC4 /* CustomCallout.m */,
				84CC1D0F198599DF00AFECC4 /* calloutView.xib */,
				8439845019AA6BFB002E3047 /* WGTimer.h */,
				8439845119AA6BFB002E3047 /* WGTimer.m */,
				8439845319AAF93A002E3047 /* MachTimer.h */,
				8439845419AAF93A002E3047 /* MachTimer.m */,
			);
			path = Twerk;
			sourceTree = "<group>";
		};
		84DA0D2418F92C2B00DE364F /* Supporting Files */ = {
			isa = PBXGroup;
			children = (
				84B15D3C199AE15D00F94E9C /* wouldbang.png */,
				84B15D3A199AE0B500F94E9C /* getfucked.png */,
				84B15D38199ADDA500F94E9C /* lulsides.png */,
				8402703218F9E71800598EE2 /* butt.png */,
				84DA0D2518F92C2B00DE364F /* Picto-Info.plist */,
				84DA0D2618F92C2B00DE364F /* InfoPlist.strings */,
				84DA0D2918F92C2B00DE364F /* main.m */,
				84DA0D2B18F92C2B00DE364F /* Picto-Prefix.pch */,
			);
			name = "Supporting Files";
			sourceTree = "<group>";
		};
		84DA0D4018F92C2B00DE364F /* TwerkTests */ = {
			isa = PBXGroup;
			children = (
				84DA0D4618F92C2B00DE364F /* TwerkTests.m */,
				84DA0D4118F92C2B00DE364F /* Supporting Files */,
			);
			path = TwerkTests;
			sourceTree = "<group>";
		};
		84DA0D4118F92C2B00DE364F /* Supporting Files */ = {
			isa = PBXGroup;
			children = (
				84DA0D4218F92C2B00DE364F /* PictoTests-Info.plist */,
				84DA0D4318F92C2B00DE364F /* InfoPlist.strings */,
			);
			name = "Supporting Files";
			sourceTree = "<group>";
		};
		84F24FFA1977630200013F47 /* instagram-ios-sdk */ = {
			isa = PBXGroup;
			children = (
				84F24FFB1977630200013F47 /* IGConnect.h */,
				84F24FFC1977630200013F47 /* IGRequest.h */,
				84F24FFD1977630200013F47 /* IGRequest.m */,
				84F24FFE1977630200013F47 /* Instagram.h */,
				84F24FFF1977630200013F47 /* Instagram.m */,
			);
			path = "instagram-ios-sdk";
			sourceTree = "<group>";
		};
/* End PBXGroup section */

/* Begin PBXNativeTarget section */
		84DA0D1718F92C2B00DE364F /* Picto */ = {
			isa = PBXNativeTarget;
			buildConfigurationList = 84DA0D4A18F92C2B00DE364F /* Build configuration list for PBXNativeTarget "Picto" */;
			buildPhases = (
				84DA0D1418F92C2B00DE364F /* Sources */,
				84DA0D1518F92C2B00DE364F /* Frameworks */,
				84DA0D1618F92C2B00DE364F /* Resources */,
			);
			buildRules = (
			);
			dependencies = (
			);
			name = Picto;
			productName = Twerk;
			productReference = 84DA0D1818F92C2B00DE364F /* Picto.app */;
			productType = "com.apple.product-type.application";
		};
		84DA0D3718F92C2B00DE364F /* PictoTests */ = {
			isa = PBXNativeTarget;
			buildConfigurationList = 84DA0D4D18F92C2B00DE364F /* Build configuration list for PBXNativeTarget "PictoTests" */;
			buildPhases = (
				84DA0D3418F92C2B00DE364F /* Sources */,
				84DA0D3518F92C2B00DE364F /* Frameworks */,
				84DA0D3618F92C2B00DE364F /* Resources */,
			);
			buildRules = (
			);
			dependencies = (
				84DA0D3F18F92C2B00DE364F /* PBXTargetDependency */,
			);
			name = PictoTests;
			productName = TwerkTests;
			productReference = 84DA0D3818F92C2B00DE364F /* PictoTests.xctest */;
			productType = "com.apple.product-type.bundle.unit-test";
		};
/* End PBXNativeTarget section */

/* Begin PBXProject section */
		84DA0D1018F92C2B00DE364F /* Project object */ = {
			isa = PBXProject;
			attributes = {
				LastUpgradeCheck = 0510;
				ORGANIZATIONNAME = "William Gu";
				TargetAttributes = {
					84DA0D1718F92C2B00DE364F = {
						DevelopmentTeam = X8C323275L;
					};
					84DA0D3718F92C2B00DE364F = {
						TestTargetID = 84DA0D1718F92C2B00DE364F;
					};
				};
			};
			buildConfigurationList = 84DA0D1318F92C2B00DE364F /* Build configuration list for PBXProject "Picto" */;
			compatibilityVersion = "Xcode 3.2";
			developmentRegion = English;
			hasScannedForEncodings = 0;
			knownRegions = (
				en,
			);
			mainGroup = 84DA0D0F18F92C2B00DE364F;
			productRefGroup = 84DA0D1918F92C2B00DE364F /* Products */;
			projectDirPath = "";
			projectRoot = "";
			targets = (
				84DA0D1718F92C2B00DE364F /* Picto */,
				84DA0D3718F92C2B00DE364F /* PictoTests */,
			);
		};
/* End PBXProject section */

/* Begin PBXResourcesBuildPhase section */
		84DA0D1618F92C2B00DE364F /* Resources */ = {
			isa = PBXResourcesBuildPhase;
			buildActionMask = 2147483647;
			files = (
				84068D9E196B250F0053355C /* SideMenuViewController.xib in Resources */,
				8461E93F194ED24700E2D809 /* READ.rtf in Resources */,
				84B15D39199ADDA500F94E9C /* lulsides.png in Resources */,
				84DA0D2818F92C2B00DE364F /* InfoPlist.strings in Resources */,
				84B15D3B199AE0B500F94E9C /* getfucked.png in Resources */,
				8461E9501950188F00E2D809 /* ShareViewController.xib in Resources */,
				8461E944194ED2C300E2D809 /* LoginViewController.xib in Resources */,
				846F8A48196498AE000401E8 /* MapViewController.xib in Resources */,
				8402703318F9E71800598EE2 /* butt.png in Resources */,
				84CC1D10198599DF00AFECC4 /* calloutView.xib in Resources */,
				8461E931194E73B200E2D809 /* Image.xcassets in Resources */,
				84B15D3D199AE15D00F94E9C /* wouldbang.png in Resources */,
				84F24FF919764A5A00013F47 /* TODO.rtf in Resources */,
			);
			runOnlyForDeploymentPostprocessing = 0;
		};
		84DA0D3618F92C2B00DE364F /* Resources */ = {
			isa = PBXResourcesBuildPhase;
			buildActionMask = 2147483647;
			files = (
				84DA0D4518F92C2B00DE364F /* InfoPlist.strings in Resources */,
			);
			runOnlyForDeploymentPostprocessing = 0;
		};
/* End PBXResourcesBuildPhase section */

/* Begin PBXSourcesBuildPhase section */
		84DA0D1418F92C2B00DE364F /* Sources */ = {
			isa = PBXSourcesBuildPhase;
			buildActionMask = 2147483647;
			files = (
				84F250071981BD9600013F47 /* CustomAnnotation.m in Sources */,
				84F24FE41973970000013F47 /* User.m in Sources */,
				84068D9D196B250F0053355C /* SideMenuViewController.m in Sources */,
				84DA0D3118F92C2B00DE364F /* Twerk.xcdatamodeld in Sources */,
				8439845519AAF93A002E3047 /* MachTimer.m in Sources */,
				84068DA2196B4EFA0053355C /* Friend.m in Sources */,
				8439845219AA6BFB002E3047 /* WGTimer.m in Sources */,
				84F250011977630200013F47 /* Instagram.m in Sources */,
				846F8A47196498AE000401E8 /* MapViewController.m in Sources */,
				84F250001977630200013F47 /* IGRequest.m in Sources */,
				84F24FEF1975F17300013F47 /* WGMap.m in Sources */,
				84CC1D0E1985967B00AFECC4 /* CustomCallout.m in Sources */,
				84DA0D2E18F92C2B00DE364F /* AppDelegate.m in Sources */,
				8461E94F1950188F00E2D809 /* ShareViewController.m in Sources */,
				84F24FEC1974EBB500013F47 /* SearchData.m in Sources */,
				84DA0D2A18F92C2B00DE364F /* main.m in Sources */,
				84F24FF21976045200013F47 /* WGPhoto.m in Sources */,
				8461E943194ED2C300E2D809 /* LoginViewController.m in Sources */,
			);
			runOnlyForDeploymentPostprocessing = 0;
		};
		84DA0D3418F92C2B00DE364F /* Sources */ = {
			isa = PBXSourcesBuildPhase;
			buildActionMask = 2147483647;
			files = (
				84DA0D4718F92C2B00DE364F /* TwerkTests.m in Sources */,
			);
			runOnlyForDeploymentPostprocessing = 0;
		};
/* End PBXSourcesBuildPhase section */

/* Begin PBXTargetDependency section */
		84DA0D3F18F92C2B00DE364F /* PBXTargetDependency */ = {
			isa = PBXTargetDependency;
			target = 84DA0D1718F92C2B00DE364F /* Picto */;
			targetProxy = 84DA0D3E18F92C2B00DE364F /* PBXContainerItemProxy */;
		};
/* End PBXTargetDependency section */

/* Begin PBXVariantGroup section */
		84DA0D2618F92C2B00DE364F /* InfoPlist.strings */ = {
			isa = PBXVariantGroup;
			children = (
				84DA0D2718F92C2B00DE364F /* en */,
			);
			name = InfoPlist.strings;
			sourceTree = "<group>";
		};
		84DA0D4318F92C2B00DE364F /* InfoPlist.strings */ = {
			isa = PBXVariantGroup;
			children = (
				84DA0D4418F92C2B00DE364F /* en */,
			);
			name = InfoPlist.strings;
			sourceTree = "<group>";
		};
/* End PBXVariantGroup section */

/* Begin XCBuildConfiguration section */
		84DA0D4818F92C2B00DE364F /* Debug */ = {
			isa = XCBuildConfiguration;
			buildSettings = {
				ALWAYS_SEARCH_USER_PATHS = NO;
				CLANG_CXX_LANGUAGE_STANDARD = "gnu++0x";
				CLANG_CXX_LIBRARY = "libc++";
				CLANG_ENABLE_MODULES = YES;
				CLANG_ENABLE_OBJC_ARC = YES;
				CLANG_WARN_BOOL_CONVERSION = YES;
				CLANG_WARN_CONSTANT_CONVERSION = YES;
				CLANG_WARN_DIRECT_OBJC_ISA_USAGE = YES_ERROR;
				CLANG_WARN_EMPTY_BODY = YES;
				CLANG_WARN_ENUM_CONVERSION = YES;
				CLANG_WARN_INT_CONVERSION = YES;
				CLANG_WARN_OBJC_ROOT_CLASS = YES_ERROR;
				CLANG_WARN__DUPLICATE_METHOD_MATCH = YES;
				CODE_SIGN_IDENTITY = "iPhone Developer";
				"CODE_SIGN_IDENTITY[sdk=iphoneos*]" = "iPhone Developer";
				COPY_PHASE_STRIP = NO;
				GCC_C_LANGUAGE_STANDARD = gnu99;
				GCC_DYNAMIC_NO_PIC = NO;
				GCC_OPTIMIZATION_LEVEL = 0;
				GCC_PREPROCESSOR_DEFINITIONS = (
					"DEBUG=1",
					"$(inherited)",
				);
				GCC_SYMBOLS_PRIVATE_EXTERN = NO;
				GCC_WARN_64_TO_32_BIT_CONVERSION = YES;
				GCC_WARN_ABOUT_RETURN_TYPE = YES_ERROR;
				GCC_WARN_UNDECLARED_SELECTOR = YES;
				GCC_WARN_UNINITIALIZED_AUTOS = YES_AGGRESSIVE;
				GCC_WARN_UNUSED_FUNCTION = YES;
				GCC_WARN_UNUSED_VARIABLE = YES;
				IPHONEOS_DEPLOYMENT_TARGET = 7.1;
				ONLY_ACTIVE_ARCH = YES;
				SDKROOT = iphoneos;
			};
			name = Debug;
		};
		84DA0D4918F92C2B00DE364F /* Release */ = {
			isa = XCBuildConfiguration;
			buildSettings = {
				ALWAYS_SEARCH_USER_PATHS = NO;
				CLANG_CXX_LANGUAGE_STANDARD = "gnu++0x";
				CLANG_CXX_LIBRARY = "libc++";
				CLANG_ENABLE_MODULES = YES;
				CLANG_ENABLE_OBJC_ARC = YES;
				CLANG_WARN_BOOL_CONVERSION = YES;
				CLANG_WARN_CONSTANT_CONVERSION = YES;
				CLANG_WARN_DIRECT_OBJC_ISA_USAGE = YES_ERROR;
				CLANG_WARN_EMPTY_BODY = YES;
				CLANG_WARN_ENUM_CONVERSION = YES;
				CLANG_WARN_INT_CONVERSION = YES;
				CLANG_WARN_OBJC_ROOT_CLASS = YES_ERROR;
				CLANG_WARN__DUPLICATE_METHOD_MATCH = YES;
				CODE_SIGN_IDENTITY = "iPhone Distribution: William Gu (X8C323275L)";
				"CODE_SIGN_IDENTITY[sdk=iphoneos*]" = "iPhone Distribution";
				COPY_PHASE_STRIP = YES;
				ENABLE_NS_ASSERTIONS = NO;
				GCC_C_LANGUAGE_STANDARD = gnu99;
				GCC_WARN_64_TO_32_BIT_CONVERSION = YES;
				GCC_WARN_ABOUT_RETURN_TYPE = YES_ERROR;
				GCC_WARN_UNDECLARED_SELECTOR = YES;
				GCC_WARN_UNINITIALIZED_AUTOS = YES_AGGRESSIVE;
				GCC_WARN_UNUSED_FUNCTION = YES;
				GCC_WARN_UNUSED_VARIABLE = YES;
				IPHONEOS_DEPLOYMENT_TARGET = 7.1;
				SDKROOT = iphoneos;
				VALIDATE_PRODUCT = YES;
			};
			name = Release;
		};
		84DA0D4B18F92C2B00DE364F /* Debug */ = {
			isa = XCBuildConfiguration;
			buildSettings = {
				ASSETCATALOG_COMPILER_APPICON_NAME = AppIcon;
				ASSETCATALOG_COMPILER_LAUNCHIMAGE_NAME = LaunchImage;
				CODE_SIGN_IDENTITY = "iPhone Developer";
				"CODE_SIGN_IDENTITY[sdk=iphoneos*]" = "iPhone Developer";
				FRAMEWORK_SEARCH_PATHS = (
					"$(inherited)",
					"$(PROJECT_DIR)",
				);
				GCC_PRECOMPILE_PREFIX_HEADER = YES;
				GCC_PREFIX_HEADER = "Twerk/Picto-Prefix.pch";
				INFOPLIST_FILE = "Twerk/Picto-Info.plist";
				IPHONEOS_DEPLOYMENT_TARGET = 7.1;
				PRODUCT_NAME = Picto;
				PROVISIONING_PROFILE = "";
				WRAPPER_EXTENSION = app;
			};
			name = Debug;
		};
		84DA0D4C18F92C2B00DE364F /* Release */ = {
			isa = XCBuildConfiguration;
			buildSettings = {
				ASSETCATALOG_COMPILER_APPICON_NAME = AppIcon;
				ASSETCATALOG_COMPILER_LAUNCHIMAGE_NAME = LaunchImage;
				CODE_SIGN_IDENTITY = "iPhone Developer";
				"CODE_SIGN_IDENTITY[sdk=iphoneos*]" = "iPhone Developer";
				FRAMEWORK_SEARCH_PATHS = (
					"$(inherited)",
					"$(PROJECT_DIR)",
				);
				GCC_PRECOMPILE_PREFIX_HEADER = YES;
				GCC_PREFIX_HEADER = "Twerk/Picto-Prefix.pch";
				INFOPLIST_FILE = "Twerk/Picto-Info.plist";
				IPHONEOS_DEPLOYMENT_TARGET = 7.1;
				PRODUCT_NAME = Picto;
				PROVISIONING_PROFILE = "";
				WRAPPER_EXTENSION = app;
			};
			name = Release;
		};
		84DA0D4E18F92C2B00DE364F /* Debug */ = {
			isa = XCBuildConfiguration;
			buildSettings = {
				BUNDLE_LOADER = "$(BUILT_PRODUCTS_DIR)/Twerk.app/Twerk";
				FRAMEWORK_SEARCH_PATHS = (
					"$(SDKROOT)/Developer/Library/Frameworks",
					"$(inherited)",
					"$(DEVELOPER_FRAMEWORKS_DIR)",
					"$(PROJECT_DIR)",
				);
				GCC_PRECOMPILE_PREFIX_HEADER = YES;
				GCC_PREFIX_HEADER = "Twerk/Twerk-Prefix.pch";
				GCC_PREPROCESSOR_DEFINITIONS = (
					"DEBUG=1",
					"$(inherited)",
				);
				INFOPLIST_FILE = "TwerkTests/PictoTests-Info.plist";
				PRODUCT_NAME = PictoTests;
				TEST_HOST = "$(BUNDLE_LOADER)";
				WRAPPER_EXTENSION = xctest;
			};
			name = Debug;
		};
		84DA0D4F18F92C2B00DE364F /* Release */ = {
			isa = XCBuildConfiguration;
			buildSettings = {
				BUNDLE_LOADER = "$(BUILT_PRODUCTS_DIR)/Twerk.app/Twerk";
				FRAMEWORK_SEARCH_PATHS = (
					"$(SDKROOT)/Developer/Library/Frameworks",
					"$(inherited)",
					"$(DEVELOPER_FRAMEWORKS_DIR)",
					"$(PROJECT_DIR)",
				);
				GCC_PRECOMPILE_PREFIX_HEADER = YES;
				GCC_PREFIX_HEADER = "Twerk/Twerk-Prefix.pch";
				INFOPLIST_FILE = "TwerkTests/PictoTests-Info.plist";
				PRODUCT_NAME = PictoTests;
				TEST_HOST = "$(BUNDLE_LOADER)";
				WRAPPER_EXTENSION = xctest;
			};
			name = Release;
		};
/* End XCBuildConfiguration section */

/* Begin XCConfigurationList section */
		84DA0D1318F92C2B00DE364F /* Build configuration list for PBXProject "Picto" */ = {
			isa = XCConfigurationList;
			buildConfigurations = (
				84DA0D4818F92C2B00DE364F /* Debug */,
				84DA0D4918F92C2B00DE364F /* Release */,
			);
			defaultConfigurationIsVisible = 0;
			defaultConfigurationName = Release;
		};
		84DA0D4A18F92C2B00DE364F /* Build configuration list for PBXNativeTarget "Picto" */ = {
			isa = XCConfigurationList;
			buildConfigurations = (
				84DA0D4B18F92C2B00DE364F /* Debug */,
				84DA0D4C18F92C2B00DE364F /* Release */,
			);
			defaultConfigurationIsVisible = 0;
			defaultConfigurationName = Release;
		};
		84DA0D4D18F92C2B00DE364F /* Build configuration list for PBXNativeTarget "PictoTests" */ = {
			isa = XCConfigurationList;
			buildConfigurations = (
				84DA0D4E18F92C2B00DE364F /* Debug */,
				84DA0D4F18F92C2B00DE364F /* Release */,
			);
			defaultConfigurationIsVisible = 0;
			defaultConfigurationName = Release;
		};
/* End XCConfigurationList section */

/* Begin XCVersionGroup section */
		84DA0D2F18F92C2B00DE364F /* Twerk.xcdatamodeld */ = {
			isa = XCVersionGroup;
			children = (
				84DA0D3018F92C2B00DE364F /* Twerk.xcdatamodel */,
			);
			currentVersion = 84DA0D3018F92C2B00DE364F /* Twerk.xcdatamodel */;
			path = Twerk.xcdatamodeld;
			sourceTree = "<group>";
			versionGroupType = wrapper.xcdatamodel;
		};
/* End XCVersionGroup section */
	};
	rootObject = 84DA0D1018F92C2B00DE364F /* Project object */;
}
