// !$*UTF8*$!
{
	archiveVersion = 1;
	classes = {
	};
	objectVersion = 46;
	objects = {

/* Begin PBXBuildFile section */
		8402702A18F9C0CB00598EE2 /* CoreMotion.framework in Frameworks */ = {isa = PBXBuildFile; fileRef = 8402702918F9C0CB00598EE2 /* CoreMotion.framework */; };
		8402703318F9E71800598EE2 /* butt.png in Resources */ = {isa = PBXBuildFile; fileRef = 8402703218F9E71800598EE2 /* butt.png */; };
		84033B4A19E267CA00B260FB /* BucketListViewController.m in Sources */ = {isa = PBXBuildFile; fileRef = 84033B4819E267CA00B260FB /* BucketListViewController.m */; };
		84033B4B19E267CA00B260FB /* BucketListViewController.xib in Resources */ = {isa = PBXBuildFile; fileRef = 84033B4919E267CA00B260FB /* BucketListViewController.xib */; };
		84068DA4196B8F750053355C /* MobileCoreServices.framework in Frameworks */ = {isa = PBXBuildFile; fileRef = 84068DA3196B8F750053355C /* MobileCoreServices.framework */; };
		8438BF1419BE801200E5B4FA /* BaseDisplay.m in Sources */ = {isa = PBXBuildFile; fileRef = 8438BF1319BE801200E5B4FA /* BaseDisplay.m */; };
		8438BF1719BE803300E5B4FA /* UserDisplay.m in Sources */ = {isa = PBXBuildFile; fileRef = 8438BF1619BE803300E5B4FA /* UserDisplay.m */; };
		8438BF1A19BE810A00E5B4FA /* HashDisplay.m in Sources */ = {isa = PBXBuildFile; fileRef = 8438BF1919BE810A00E5B4FA /* HashDisplay.m */; };
		8438BF1D19BE815C00E5B4FA /* LocationDisplay.m in Sources */ = {isa = PBXBuildFile; fileRef = 8438BF1C19BE815C00E5B4FA /* LocationDisplay.m */; };
		843C98E119CD193E00F3D428 /* CommentTableViewCell.m in Sources */ = {isa = PBXBuildFile; fileRef = 843C98DF19CD193E00F3D428 /* CommentTableViewCell.m */; };
		843C98E219CD193E00F3D428 /* CommentTableViewCell.xib in Resources */ = {isa = PBXBuildFile; fileRef = 843C98E019CD193E00F3D428 /* CommentTableViewCell.xib */; };
		843C98E619CD1C6900F3D428 /* CommentsViewController.m in Sources */ = {isa = PBXBuildFile; fileRef = 843C98E419CD1C6900F3D428 /* CommentsViewController.m */; };
		843C98E719CD1C6900F3D428 /* CommentsViewController.xib in Resources */ = {isa = PBXBuildFile; fileRef = 843C98E519CD1C6900F3D428 /* CommentsViewController.xib */; };
		8461E93F194ED24700E2D809 /* READ.rtf in Resources */ = {isa = PBXBuildFile; fileRef = 8461E93E194ED24700E2D809 /* READ.rtf */; };
		8461E943194ED2C300E2D809 /* LoginViewController.m in Sources */ = {isa = PBXBuildFile; fileRef = 8461E941194ED2C300E2D809 /* LoginViewController.m */; };
		8461E944194ED2C300E2D809 /* LoginViewController.xib in Resources */ = {isa = PBXBuildFile; fileRef = 8461E942194ED2C300E2D809 /* LoginViewController.xib */; };
		846F8A47196498AE000401E8 /* MapViewController.m in Sources */ = {isa = PBXBuildFile; fileRef = 846F8A45196498AE000401E8 /* MapViewController.m */; };
		846F8A48196498AE000401E8 /* MapViewController.xib in Resources */ = {isa = PBXBuildFile; fileRef = 846F8A46196498AE000401E8 /* MapViewController.xib */; };
		846F8A4C1965C184000401E8 /* CoreLocation.framework in Frameworks */ = {isa = PBXBuildFile; fileRef = 846F8A4B1965C184000401E8 /* CoreLocation.framework */; };
		846F8A4E1965D450000401E8 /* MapKit.framework in Frameworks */ = {isa = PBXBuildFile; fileRef = 846F8A4D1965D450000401E8 /* MapKit.framework */; };
		84A2819C19C12825001AAC1F /* TVTableSettingsViewCell.m in Sources */ = {isa = PBXBuildFile; fileRef = 84A2819A19C12825001AAC1F /* TVTableSettingsViewCell.m */; };
		84A2819D19C12825001AAC1F /* TVTableSettingsViewCell.xib in Resources */ = {isa = PBXBuildFile; fileRef = 84A2819B19C12825001AAC1F /* TVTableSettingsViewCell.xib */; };
		84A281A019C12874001AAC1F /* TVSettingsObject.m in Sources */ = {isa = PBXBuildFile; fileRef = 84A2819F19C12874001AAC1F /* TVSettingsObject.m */; };
		84A281F819C65219001AAC1F /* UserFeedViewController.m in Sources */ = {isa = PBXBuildFile; fileRef = 84A281F619C65219001AAC1F /* UserFeedViewController.m */; };
		84A281F919C65219001AAC1F /* UserFeedViewController.xib in Resources */ = {isa = PBXBuildFile; fileRef = 84A281F719C65219001AAC1F /* UserFeedViewController.xib */; };
		84A281FC19C6ACE0001AAC1F /* CustomCallView.m in Sources */ = {isa = PBXBuildFile; fileRef = 84A281FB19C6ACE0001AAC1F /* CustomCallView.m */; };
		84A281FE19C6AD05001AAC1F /* CustomCalloutView.xib in Resources */ = {isa = PBXBuildFile; fileRef = 84A281FD19C6AD05001AAC1F /* CustomCalloutView.xib */; };
		84A79CF619CA353E00D88456 /* BackgroundOperations.m in Sources */ = {isa = PBXBuildFile; fileRef = 84A79CF519CA353E00D88456 /* BackgroundOperations.m */; };
		84B15D2D19995F2100F94E9C /* QuartzCore.framework in Frameworks */ = {isa = PBXBuildFile; fileRef = 84B15D2C19995F2100F94E9C /* QuartzCore.framework */; };
		84B15D2F19995FCB00F94E9C /* CoreImage.framework in Frameworks */ = {isa = PBXBuildFile; fileRef = 84B15D2E19995FCB00F94E9C /* CoreImage.framework */; };
		84B15D39199ADDA500F94E9C /* lulsides.png in Resources */ = {isa = PBXBuildFile; fileRef = 84B15D38199ADDA500F94E9C /* lulsides.png */; };
		84B15D3B199AE0B500F94E9C /* getfucked.png in Resources */ = {isa = PBXBuildFile; fileRef = 84B15D3A199AE0B500F94E9C /* getfucked.png */; };
		84B15D3D199AE15D00F94E9C /* wouldbang.png in Resources */ = {isa = PBXBuildFile; fileRef = 84B15D3C199AE15D00F94E9C /* wouldbang.png */; };
		84DA0D1C18F92C2B00DE364F /* Foundation.framework in Frameworks */ = {isa = PBXBuildFile; fileRef = 84DA0D1B18F92C2B00DE364F /* Foundation.framework */; };
		84DA0D1E18F92C2B00DE364F /* CoreGraphics.framework in Frameworks */ = {isa = PBXBuildFile; fileRef = 84DA0D1D18F92C2B00DE364F /* CoreGraphics.framework */; };
		84DA0D2018F92C2B00DE364F /* UIKit.framework in Frameworks */ = {isa = PBXBuildFile; fileRef = 84DA0D1F18F92C2B00DE364F /* UIKit.framework */; };
		84DA0D2218F92C2B00DE364F /* CoreData.framework in Frameworks */ = {isa = PBXBuildFile; fileRef = 84DA0D2118F92C2B00DE364F /* CoreData.framework */; };
		84DA0D2818F92C2B00DE364F /* InfoPlist.strings in Resources */ = {isa = PBXBuildFile; fileRef = 84DA0D2618F92C2B00DE364F /* InfoPlist.strings */; };
		84DA0D2A18F92C2B00DE364F /* main.m in Sources */ = {isa = PBXBuildFile; fileRef = 84DA0D2918F92C2B00DE364F /* main.m */; };
		84DA0D2E18F92C2B00DE364F /* AppDelegate.m in Sources */ = {isa = PBXBuildFile; fileRef = 84DA0D2D18F92C2B00DE364F /* AppDelegate.m */; };
		84DA0D3118F92C2B00DE364F /* Twerk.xcdatamodeld in Sources */ = {isa = PBXBuildFile; fileRef = 84DA0D2F18F92C2B00DE364F /* Twerk.xcdatamodeld */; };
		84DA0D3A18F92C2B00DE364F /* XCTest.framework in Frameworks */ = {isa = PBXBuildFile; fileRef = 84DA0D3918F92C2B00DE364F /* XCTest.framework */; };
		84DA0D3B18F92C2B00DE364F /* Foundation.framework in Frameworks */ = {isa = PBXBuildFile; fileRef = 84DA0D1B18F92C2B00DE364F /* Foundation.framework */; };
		84DA0D3C18F92C2B00DE364F /* UIKit.framework in Frameworks */ = {isa = PBXBuildFile; fileRef = 84DA0D1F18F92C2B00DE364F /* UIKit.framework */; };
		84DA0D3D18F92C2B00DE364F /* CoreData.framework in Frameworks */ = {isa = PBXBuildFile; fileRef = 84DA0D2118F92C2B00DE364F /* CoreData.framework */; };
		84DA0D4518F92C2B00DE364F /* InfoPlist.strings in Resources */ = {isa = PBXBuildFile; fileRef = 84DA0D4318F92C2B00DE364F /* InfoPlist.strings */; };
		84DA0D4718F92C2B00DE364F /* TwerkTests.m in Sources */ = {isa = PBXBuildFile; fileRef = 84DA0D4618F92C2B00DE364F /* TwerkTests.m */; };
		84DEE24519B56883004C58E4 /* Image.xcassets in Resources */ = {isa = PBXBuildFile; fileRef = 84DEE24419B56883004C58E4 /* Image.xcassets */; };
		84DEE29C19B96B64004C58E4 /* PictureArray.m in Sources */ = {isa = PBXBuildFile; fileRef = 84DEE29B19B96B64004C58E4 /* PictureArray.m */; };
		84DEE2AF19BA5285004C58E4 /* SettingsTableViewController.m in Sources */ = {isa = PBXBuildFile; fileRef = 84DEE2AD19BA5285004C58E4 /* SettingsTableViewController.m */; };
		84DEE2B019BA5285004C58E4 /* SettingsTableViewController.xib in Resources */ = {isa = PBXBuildFile; fileRef = 84DEE2AE19BA5285004C58E4 /* SettingsTableViewController.xib */; };
		84ECA6B419BD0EE000757F87 /* HashTagSearch.m in Sources */ = {isa = PBXBuildFile; fileRef = 84ECA6B319BD0EE000757F87 /* HashTagSearch.m */; };
		84ECA6B719BD24AC00757F87 /* LocationSearch.m in Sources */ = {isa = PBXBuildFile; fileRef = 84ECA6B619BD24AC00757F87 /* LocationSearch.m */; };
		84ECB48B19EEF26500D5F795 /* CommentDataWrapper.m in Sources */ = {isa = PBXBuildFile; fileRef = 84ECB48A19EEF26500D5F795 /* CommentDataWrapper.m */; };
		84ECB49019F33EF200D5F795 /* AboutMeViewController.m in Sources */ = {isa = PBXBuildFile; fileRef = 84ECB48E19F33EF200D5F795 /* AboutMeViewController.m */; };
		84ECB49119F33EF200D5F795 /* AboutMeViewController.xib in Resources */ = {isa = PBXBuildFile; fileRef = 84ECB48F19F33EF200D5F795 /* AboutMeViewController.xib */; };
		84ECB49519F33F0300D5F795 /* TutorialViewController.m in Sources */ = {isa = PBXBuildFile; fileRef = 84ECB49319F33F0300D5F795 /* TutorialViewController.m */; };
		84ECB49619F33F0300D5F795 /* TutorialViewController.xib in Resources */ = {isa = PBXBuildFile; fileRef = 84ECB49419F33F0300D5F795 /* TutorialViewController.xib */; };
		84F24FE41973970000013F47 /* User.m in Sources */ = {isa = PBXBuildFile; fileRef = 84F24FE31973970000013F47 /* User.m */; };
		84F24FEC1974EBB500013F47 /* SearchData.m in Sources */ = {isa = PBXBuildFile; fileRef = 84F24FEB1974EBB500013F47 /* SearchData.m */; };
		84F24FEF1975F17300013F47 /* WGMap.m in Sources */ = {isa = PBXBuildFile; fileRef = 84F24FEE1975F17300013F47 /* WGMap.m */; };
		84F24FF919764A5A00013F47 /* TODO.rtf in Resources */ = {isa = PBXBuildFile; fileRef = 84F24FF819764A5A00013F47 /* TODO.rtf */; };
		84F250001977630200013F47 /* IGRequest.m in Sources */ = {isa = PBXBuildFile; fileRef = 84F24FFD1977630200013F47 /* IGRequest.m */; };
		84F250011977630200013F47 /* Instagram.m in Sources */ = {isa = PBXBuildFile; fileRef = 84F24FFF1977630200013F47 /* Instagram.m */; };
		84F250071981BD9600013F47 /* CustomAnnotation.m in Sources */ = {isa = PBXBuildFile; fileRef = 84F250061981BD9600013F47 /* CustomAnnotation.m */; };
		C7808E7F19B05FFA002E525E /* AppIcon29x29.png in Resources */ = {isa = PBXBuildFile; fileRef = C7808E6F19B05FFA002E525E /* AppIcon29x29.png */; };
		C7808E8019B05FFA002E525E /* AppIcon29x29@2x.png in Resources */ = {isa = PBXBuildFile; fileRef = C7808E7019B05FFA002E525E /* AppIcon29x29@2x.png */; };
		C7808E8119B05FFA002E525E /* AppIcon40x40.png in Resources */ = {isa = PBXBuildFile; fileRef = C7808E7119B05FFA002E525E /* AppIcon40x40.png */; };
		C7808E8219B05FFA002E525E /* AppIcon40x40@2x.png in Resources */ = {isa = PBXBuildFile; fileRef = C7808E7219B05FFA002E525E /* AppIcon40x40@2x.png */; };
		C7808E8319B05FFA002E525E /* AppIcon50x50.png in Resources */ = {isa = PBXBuildFile; fileRef = C7808E7319B05FFA002E525E /* AppIcon50x50.png */; };
		C7808E8419B05FFA002E525E /* AppIcon50x50@2x.png in Resources */ = {isa = PBXBuildFile; fileRef = C7808E7419B05FFA002E525E /* AppIcon50x50@2x.png */; };
		C7808E8519B05FFA002E525E /* AppIcon57x57.png in Resources */ = {isa = PBXBuildFile; fileRef = C7808E7519B05FFA002E525E /* AppIcon57x57.png */; };
		C7808E8619B05FFA002E525E /* AppIcon57x57@2x.png in Resources */ = {isa = PBXBuildFile; fileRef = C7808E7619B05FFA002E525E /* AppIcon57x57@2x.png */; };
		C7808E8719B05FFA002E525E /* AppIcon60x60.png in Resources */ = {isa = PBXBuildFile; fileRef = C7808E7719B05FFA002E525E /* AppIcon60x60.png */; };
		C7808E8819B05FFA002E525E /* AppIcon60x60@2x.png in Resources */ = {isa = PBXBuildFile; fileRef = C7808E7819B05FFA002E525E /* AppIcon60x60@2x.png */; };
		C7808E8919B05FFA002E525E /* AppIcon72x72.png in Resources */ = {isa = PBXBuildFile; fileRef = C7808E7919B05FFA002E525E /* AppIcon72x72.png */; };
		C7808E8A19B05FFA002E525E /* AppIcon72x72@2x.png in Resources */ = {isa = PBXBuildFile; fileRef = C7808E7A19B05FFA002E525E /* AppIcon72x72@2x.png */; };
		C7808E8B19B05FFA002E525E /* AppIcon76x76.png in Resources */ = {isa = PBXBuildFile; fileRef = C7808E7B19B05FFA002E525E /* AppIcon76x76.png */; };
		C7808E8C19B05FFA002E525E /* AppIcon76x76@2x.png in Resources */ = {isa = PBXBuildFile; fileRef = C7808E7C19B05FFA002E525E /* AppIcon76x76@2x.png */; };
		C7808E8D19B05FFA002E525E /* iTunesArtwork.png in Resources */ = {isa = PBXBuildFile; fileRef = C7808E7D19B05FFA002E525E /* iTunesArtwork.png */; };
		C7808E8E19B05FFA002E525E /* iTunesArtwork@2x.png in Resources */ = {isa = PBXBuildFile; fileRef = C7808E7E19B05FFA002E525E /* iTunesArtwork@2x.png */; };
/* End PBXBuildFile section */

/* Begin PBXContainerItemProxy section */
		84DA0D3E18F92C2B00DE364F /* PBXContainerItemProxy */ = {
			isa = PBXContainerItemProxy;
			containerPortal = 84DA0D1018F92C2B00DE364F /* Project object */;
			proxyType = 1;
			remoteGlobalIDString = 84DA0D1718F92C2B00DE364F;
			remoteInfo = Twerk;
		};
/* End PBXContainerItemProxy section */

/* Begin PBXFileReference section */
		8402702918F9C0CB00598EE2 /* CoreMotion.framework */ = {isa = PBXFileReference; lastKnownFileType = wrapper.framework; name = CoreMotion.framework; path = System/Library/Frameworks/CoreMotion.framework; sourceTree = SDKROOT; };
		8402703218F9E71800598EE2 /* butt.png */ = {isa = PBXFileReference; lastKnownFileType = image.png; path = butt.png; sourceTree = SOURCE_ROOT; };
		84033B4719E267CA00B260FB /* BucketListViewController.h */ = {isa = PBXFileReference; fileEncoding = 4; lastKnownFileType = sourcecode.c.h; path = BucketListViewController.h; sourceTree = "<group>"; };
		84033B4819E267CA00B260FB /* BucketListViewController.m */ = {isa = PBXFileReference; fileEncoding = 4; lastKnownFileType = sourcecode.c.objc; path = BucketListViewController.m; sourceTree = "<group>"; };
		84033B4919E267CA00B260FB /* BucketListViewController.xib */ = {isa = PBXFileReference; fileEncoding = 4; lastKnownFileType = file.xib; path = BucketListViewController.xib; sourceTree = "<group>"; };
		84068DA3196B8F750053355C /* MobileCoreServices.framework */ = {isa = PBXFileReference; lastKnownFileType = wrapper.framework; name = MobileCoreServices.framework; path = System/Library/Frameworks/MobileCoreServices.framework; sourceTree = SDKROOT; };
		8438BF1219BE801200E5B4FA /* BaseDisplay.h */ = {isa = PBXFileReference; fileEncoding = 4; lastKnownFileType = sourcecode.c.h; path = BaseDisplay.h; sourceTree = "<group>"; };
		8438BF1319BE801200E5B4FA /* BaseDisplay.m */ = {isa = PBXFileReference; fileEncoding = 4; lastKnownFileType = sourcecode.c.objc; path = BaseDisplay.m; sourceTree = "<group>"; };
		8438BF1519BE803300E5B4FA /* UserDisplay.h */ = {isa = PBXFileReference; fileEncoding = 4; lastKnownFileType = sourcecode.c.h; path = UserDisplay.h; sourceTree = "<group>"; };
		8438BF1619BE803300E5B4FA /* UserDisplay.m */ = {isa = PBXFileReference; fileEncoding = 4; lastKnownFileType = sourcecode.c.objc; path = UserDisplay.m; sourceTree = "<group>"; };
		8438BF1819BE810A00E5B4FA /* HashDisplay.h */ = {isa = PBXFileReference; fileEncoding = 4; lastKnownFileType = sourcecode.c.h; path = HashDisplay.h; sourceTree = "<group>"; };
		8438BF1919BE810A00E5B4FA /* HashDisplay.m */ = {isa = PBXFileReference; fileEncoding = 4; lastKnownFileType = sourcecode.c.objc; path = HashDisplay.m; sourceTree = "<group>"; };
		8438BF1B19BE815C00E5B4FA /* LocationDisplay.h */ = {isa = PBXFileReference; fileEncoding = 4; lastKnownFileType = sourcecode.c.h; path = LocationDisplay.h; sourceTree = "<group>"; };
		8438BF1C19BE815C00E5B4FA /* LocationDisplay.m */ = {isa = PBXFileReference; fileEncoding = 4; lastKnownFileType = sourcecode.c.objc; path = LocationDisplay.m; sourceTree = "<group>"; };
		843C98DE19CD193E00F3D428 /* CommentTableViewCell.h */ = {isa = PBXFileReference; fileEncoding = 4; lastKnownFileType = sourcecode.c.h; path = CommentTableViewCell.h; sourceTree = "<group>"; };
		843C98DF19CD193E00F3D428 /* CommentTableViewCell.m */ = {isa = PBXFileReference; fileEncoding = 4; lastKnownFileType = sourcecode.c.objc; path = CommentTableViewCell.m; sourceTree = "<group>"; };
		843C98E019CD193E00F3D428 /* CommentTableViewCell.xib */ = {isa = PBXFileReference; fileEncoding = 4; lastKnownFileType = file.xib; path = CommentTableViewCell.xib; sourceTree = "<group>"; };
		843C98E319CD1C6900F3D428 /* CommentsViewController.h */ = {isa = PBXFileReference; fileEncoding = 4; lastKnownFileType = sourcecode.c.h; path = CommentsViewController.h; sourceTree = "<group>"; };
		843C98E419CD1C6900F3D428 /* CommentsViewController.m */ = {isa = PBXFileReference; fileEncoding = 4; lastKnownFileType = sourcecode.c.objc; path = CommentsViewController.m; sourceTree = "<group>"; };
		843C98E519CD1C6900F3D428 /* CommentsViewController.xib */ = {isa = PBXFileReference; fileEncoding = 4; lastKnownFileType = file.xib; path = CommentsViewController.xib; sourceTree = "<group>"; };
		8461E93E194ED24700E2D809 /* READ.rtf */ = {isa = PBXFileReference; fileEncoding = 4; lastKnownFileType = text.rtf; path = READ.rtf; sourceTree = "<group>"; };
		8461E940194ED2C300E2D809 /* LoginViewController.h */ = {isa = PBXFileReference; fileEncoding = 4; lastKnownFileType = sourcecode.c.h; path = LoginViewController.h; sourceTree = "<group>"; };
		8461E941194ED2C300E2D809 /* LoginViewController.m */ = {isa = PBXFileReference; fileEncoding = 4; lastKnownFileType = sourcecode.c.objc; path = LoginViewController.m; sourceTree = "<group>"; };
		8461E942194ED2C300E2D809 /* LoginViewController.xib */ = {isa = PBXFileReference; fileEncoding = 4; lastKnownFileType = file.xib; path = LoginViewController.xib; sourceTree = "<group>"; };
		846F8A44196498AE000401E8 /* MapViewController.h */ = {isa = PBXFileReference; fileEncoding = 4; lastKnownFileType = sourcecode.c.h; path = MapViewController.h; sourceTree = "<group>"; };
		846F8A45196498AE000401E8 /* MapViewController.m */ = {isa = PBXFileReference; fileEncoding = 4; lastKnownFileType = sourcecode.c.objc; path = MapViewController.m; sourceTree = "<group>"; };
		846F8A46196498AE000401E8 /* MapViewController.xib */ = {isa = PBXFileReference; fileEncoding = 4; lastKnownFileType = file.xib; path = MapViewController.xib; sourceTree = "<group>"; };
		846F8A4B1965C184000401E8 /* CoreLocation.framework */ = {isa = PBXFileReference; lastKnownFileType = wrapper.framework; name = CoreLocation.framework; path = System/Library/Frameworks/CoreLocation.framework; sourceTree = SDKROOT; };
		846F8A4D1965D450000401E8 /* MapKit.framework */ = {isa = PBXFileReference; lastKnownFileType = wrapper.framework; name = MapKit.framework; path = System/Library/Frameworks/MapKit.framework; sourceTree = SDKROOT; };
		84A2819919C12825001AAC1F /* TVTableSettingsViewCell.h */ = {isa = PBXFileReference; fileEncoding = 4; lastKnownFileType = sourcecode.c.h; path = TVTableSettingsViewCell.h; sourceTree = "<group>"; };
		84A2819A19C12825001AAC1F /* TVTableSettingsViewCell.m */ = {isa = PBXFileReference; fileEncoding = 4; lastKnownFileType = sourcecode.c.objc; path = TVTableSettingsViewCell.m; sourceTree = "<group>"; };
		84A2819B19C12825001AAC1F /* TVTableSettingsViewCell.xib */ = {isa = PBXFileReference; fileEncoding = 4; lastKnownFileType = file.xib; path = TVTableSettingsViewCell.xib; sourceTree = "<group>"; };
		84A2819E19C12874001AAC1F /* TVSettingsObject.h */ = {isa = PBXFileReference; fileEncoding = 4; lastKnownFileType = sourcecode.c.h; path = TVSettingsObject.h; sourceTree = "<group>"; };
		84A2819F19C12874001AAC1F /* TVSettingsObject.m */ = {isa = PBXFileReference; fileEncoding = 4; lastKnownFileType = sourcecode.c.objc; path = TVSettingsObject.m; sourceTree = "<group>"; };
		84A281F519C65219001AAC1F /* UserFeedViewController.h */ = {isa = PBXFileReference; fileEncoding = 4; lastKnownFileType = sourcecode.c.h; path = UserFeedViewController.h; sourceTree = "<group>"; };
		84A281F619C65219001AAC1F /* UserFeedViewController.m */ = {isa = PBXFileReference; fileEncoding = 4; lastKnownFileType = sourcecode.c.objc; path = UserFeedViewController.m; sourceTree = "<group>"; };
		84A281F719C65219001AAC1F /* UserFeedViewController.xib */ = {isa = PBXFileReference; fileEncoding = 4; lastKnownFileType = file.xib; path = UserFeedViewController.xib; sourceTree = "<group>"; };
		84A281FA19C6ACE0001AAC1F /* CustomCallView.h */ = {isa = PBXFileReference; fileEncoding = 4; lastKnownFileType = sourcecode.c.h; path = CustomCallView.h; sourceTree = "<group>"; };
		84A281FB19C6ACE0001AAC1F /* CustomCallView.m */ = {isa = PBXFileReference; fileEncoding = 4; lastKnownFileType = sourcecode.c.objc; path = CustomCallView.m; sourceTree = "<group>"; };
		84A281FD19C6AD05001AAC1F /* CustomCalloutView.xib */ = {isa = PBXFileReference; fileEncoding = 4; lastKnownFileType = file.xib; path = CustomCalloutView.xib; sourceTree = "<group>"; };
		84A79CF419CA353E00D88456 /* BackgroundOperations.h */ = {isa = PBXFileReference; fileEncoding = 4; lastKnownFileType = sourcecode.c.h; path = BackgroundOperations.h; sourceTree = "<group>"; };
		84A79CF519CA353E00D88456 /* BackgroundOperations.m */ = {isa = PBXFileReference; fileEncoding = 4; lastKnownFileType = sourcecode.c.objc; path = BackgroundOperations.m; sourceTree = "<group>"; };
		84B15D2C19995F2100F94E9C /* QuartzCore.framework */ = {isa = PBXFileReference; lastKnownFileType = wrapper.framework; name = QuartzCore.framework; path = System/Library/Frameworks/QuartzCore.framework; sourceTree = SDKROOT; };
		84B15D2E19995FCB00F94E9C /* CoreImage.framework */ = {isa = PBXFileReference; lastKnownFileType = wrapper.framework; name = CoreImage.framework; path = System/Library/Frameworks/CoreImage.framework; sourceTree = SDKROOT; };
		84B15D38199ADDA500F94E9C /* lulsides.png */ = {isa = PBXFileReference; lastKnownFileType = image.png; path = lulsides.png; sourceTree = "<group>"; };
		84B15D3A199AE0B500F94E9C /* getfucked.png */ = {isa = PBXFileReference; lastKnownFileType = image.png; path = getfucked.png; sourceTree = "<group>"; };
		84B15D3C199AE15D00F94E9C /* wouldbang.png */ = {isa = PBXFileReference; lastKnownFileType = image.png; path = wouldbang.png; sourceTree = "<group>"; };
		84DA0D1818F92C2B00DE364F /* Picto.app */ = {isa = PBXFileReference; explicitFileType = wrapper.application; includeInIndex = 0; path = Picto.app; sourceTree = BUILT_PRODUCTS_DIR; };
		84DA0D1B18F92C2B00DE364F /* Foundation.framework */ = {isa = PBXFileReference; lastKnownFileType = wrapper.framework; name = Foundation.framework; path = System/Library/Frameworks/Foundation.framework; sourceTree = SDKROOT; };
		84DA0D1D18F92C2B00DE364F /* CoreGraphics.framework */ = {isa = PBXFileReference; lastKnownFileType = wrapper.framework; name = CoreGraphics.framework; path = System/Library/Frameworks/CoreGraphics.framework; sourceTree = SDKROOT; };
		84DA0D1F18F92C2B00DE364F /* UIKit.framework */ = {isa = PBXFileReference; lastKnownFileType = wrapper.framework; name = UIKit.framework; path = System/Library/Frameworks/UIKit.framework; sourceTree = SDKROOT; };
		84DA0D2118F92C2B00DE364F /* CoreData.framework */ = {isa = PBXFileReference; lastKnownFileType = wrapper.framework; name = CoreData.framework; path = System/Library/Frameworks/CoreData.framework; sourceTree = SDKROOT; };
		84DA0D2518F92C2B00DE364F /* Picto-Info.plist */ = {isa = PBXFileReference; lastKnownFileType = text.plist.xml; path = "Picto-Info.plist"; sourceTree = "<group>"; };
		84DA0D2718F92C2B00DE364F /* en */ = {isa = PBXFileReference; lastKnownFileType = text.plist.strings; name = en; path = en.lproj/InfoPlist.strings; sourceTree = "<group>"; };
		84DA0D2918F92C2B00DE364F /* main.m */ = {isa = PBXFileReference; lastKnownFileType = sourcecode.c.objc; path = main.m; sourceTree = "<group>"; };
		84DA0D2B18F92C2B00DE364F /* Picto-Prefix.pch */ = {isa = PBXFileReference; lastKnownFileType = sourcecode.c.h; path = "Picto-Prefix.pch"; sourceTree = "<group>"; };
		84DA0D2C18F92C2B00DE364F /* AppDelegate.h */ = {isa = PBXFileReference; lastKnownFileType = sourcecode.c.h; path = AppDelegate.h; sourceTree = "<group>"; };
		84DA0D2D18F92C2B00DE364F /* AppDelegate.m */ = {isa = PBXFileReference; lastKnownFileType = sourcecode.c.objc; path = AppDelegate.m; sourceTree = "<group>"; };
		84DA0D3018F92C2B00DE364F /* Twerk.xcdatamodel */ = {isa = PBXFileReference; lastKnownFileType = wrapper.xcdatamodel; path = Twerk.xcdatamodel; sourceTree = "<group>"; };
		84DA0D3818F92C2B00DE364F /* PictoTests.xctest */ = {isa = PBXFileReference; explicitFileType = wrapper.cfbundle; includeInIndex = 0; path = PictoTests.xctest; sourceTree = BUILT_PRODUCTS_DIR; };
		84DA0D3918F92C2B00DE364F /* XCTest.framework */ = {isa = PBXFileReference; lastKnownFileType = wrapper.framework; name = XCTest.framework; path = Library/Frameworks/XCTest.framework; sourceTree = DEVELOPER_DIR; };
		84DA0D4218F92C2B00DE364F /* PictoTests-Info.plist */ = {isa = PBXFileReference; lastKnownFileType = text.plist.xml; path = "PictoTests-Info.plist"; sourceTree = "<group>"; };
		84DA0D4418F92C2B00DE364F /* en */ = {isa = PBXFileReference; lastKnownFileType = text.plist.strings; name = en; path = en.lproj/InfoPlist.strings; sourceTree = "<group>"; };
		84DA0D4618F92C2B00DE364F /* TwerkTests.m */ = {isa = PBXFileReference; lastKnownFileType = sourcecode.c.objc; path = TwerkTests.m; sourceTree = "<group>"; };
		84DEE24419B56883004C58E4 /* Image.xcassets */ = {isa = PBXFileReference; lastKnownFileType = folder.assetcatalog; path = Image.xcassets; sourceTree = "<group>"; };
		84DEE29A19B96B64004C58E4 /* PictureArray.h */ = {isa = PBXFileReference; fileEncoding = 4; lastKnownFileType = sourcecode.c.h; path = PictureArray.h; sourceTree = "<group>"; };
		84DEE29B19B96B64004C58E4 /* PictureArray.m */ = {isa = PBXFileReference; fileEncoding = 4; lastKnownFileType = sourcecode.c.objc; path = PictureArray.m; sourceTree = "<group>"; };
		84DEE2AC19BA5285004C58E4 /* SettingsTableViewController.h */ = {isa = PBXFileReference; fileEncoding = 4; lastKnownFileType = sourcecode.c.h; path = SettingsTableViewController.h; sourceTree = "<group>"; };
		84DEE2AD19BA5285004C58E4 /* SettingsTableViewController.m */ = {isa = PBXFileReference; fileEncoding = 4; lastKnownFileType = sourcecode.c.objc; path = SettingsTableViewController.m; sourceTree = "<group>"; };
		84DEE2AE19BA5285004C58E4 /* SettingsTableViewController.xib */ = {isa = PBXFileReference; fileEncoding = 4; lastKnownFileType = file.xib; path = SettingsTableViewController.xib; sourceTree = "<group>"; };
		84ECA6B219BD0EE000757F87 /* HashTagSearch.h */ = {isa = PBXFileReference; fileEncoding = 4; lastKnownFileType = sourcecode.c.h; path = HashTagSearch.h; sourceTree = "<group>"; };
		84ECA6B319BD0EE000757F87 /* HashTagSearch.m */ = {isa = PBXFileReference; fileEncoding = 4; lastKnownFileType = sourcecode.c.objc; path = HashTagSearch.m; sourceTree = "<group>"; };
		84ECA6B519BD24AC00757F87 /* LocationSearch.h */ = {isa = PBXFileReference; fileEncoding = 4; lastKnownFileType = sourcecode.c.h; path = LocationSearch.h; sourceTree = "<group>"; };
		84ECA6B619BD24AC00757F87 /* LocationSearch.m */ = {isa = PBXFileReference; fileEncoding = 4; lastKnownFileType = sourcecode.c.objc; path = LocationSearch.m; sourceTree = "<group>"; };
		84ECB48919EEF26500D5F795 /* CommentDataWrapper.h */ = {isa = PBXFileReference; fileEncoding = 4; lastKnownFileType = sourcecode.c.h; path = CommentDataWrapper.h; sourceTree = "<group>"; };
		84ECB48A19EEF26500D5F795 /* CommentDataWrapper.m */ = {isa = PBXFileReference; fileEncoding = 4; lastKnownFileType = sourcecode.c.objc; path = CommentDataWrapper.m; sourceTree = "<group>"; };
		84ECB48D19F33EF200D5F795 /* AboutMeViewController.h */ = {isa = PBXFileReference; fileEncoding = 4; lastKnownFileType = sourcecode.c.h; path = AboutMeViewController.h; sourceTree = "<group>"; };
		84ECB48E19F33EF200D5F795 /* AboutMeViewController.m */ = {isa = PBXFileReference; fileEncoding = 4; lastKnownFileType = sourcecode.c.objc; path = AboutMeViewController.m; sourceTree = "<group>"; };
		84ECB48F19F33EF200D5F795 /* AboutMeViewController.xib */ = {isa = PBXFileReference; fileEncoding = 4; lastKnownFileType = file.xib; path = AboutMeViewController.xib; sourceTree = "<group>"; };
		84ECB49219F33F0300D5F795 /* TutorialViewController.h */ = {isa = PBXFileReference; fileEncoding = 4; lastKnownFileType = sourcecode.c.h; path = TutorialViewController.h; sourceTree = "<group>"; };
		84ECB49319F33F0300D5F795 /* TutorialViewController.m */ = {isa = PBXFileReference; fileEncoding = 4; lastKnownFileType = sourcecode.c.objc; path = TutorialViewController.m; sourceTree = "<group>"; };
		84ECB49419F33F0300D5F795 /* TutorialViewController.xib */ = {isa = PBXFileReference; fileEncoding = 4; lastKnownFileType = file.xib; path = TutorialViewController.xib; sourceTree = "<group>"; };
		84F24FE21973970000013F47 /* User.h */ = {isa = PBXFileReference; fileEncoding = 4; lastKnownFileType = sourcecode.c.h; path = User.h; sourceTree = "<group>"; };
		84F24FE31973970000013F47 /* User.m */ = {isa = PBXFileReference; fileEncoding = 4; lastKnownFileType = sourcecode.c.objc; path = User.m; sourceTree = "<group>"; };
		84F24FEA1974EBB500013F47 /* SearchData.h */ = {isa = PBXFileReference; fileEncoding = 4; lastKnownFileType = sourcecode.c.h; path = SearchData.h; sourceTree = "<group>"; };
		84F24FEB1974EBB500013F47 /* SearchData.m */ = {isa = PBXFileReference; fileEncoding = 4; lastKnownFileType = sourcecode.c.objc; path = SearchData.m; sourceTree = "<group>"; };
		84F24FED1975F17300013F47 /* WGMap.h */ = {isa = PBXFileReference; fileEncoding = 4; lastKnownFileType = sourcecode.c.h; path = WGMap.h; sourceTree = "<group>"; };
		84F24FEE1975F17300013F47 /* WGMap.m */ = {isa = PBXFileReference; fileEncoding = 4; lastKnownFileType = sourcecode.c.objc; path = WGMap.m; sourceTree = "<group>"; };
		84F24FF819764A5A00013F47 /* TODO.rtf */ = {isa = PBXFileReference; fileEncoding = 4; lastKnownFileType = text.rtf; path = TODO.rtf; sourceTree = "<group>"; };
		84F24FFB1977630200013F47 /* IGConnect.h */ = {isa = PBXFileReference; fileEncoding = 4; lastKnownFileType = sourcecode.c.h; path = IGConnect.h; sourceTree = "<group>"; };
		84F24FFC1977630200013F47 /* IGRequest.h */ = {isa = PBXFileReference; fileEncoding = 4; lastKnownFileType = sourcecode.c.h; path = IGRequest.h; sourceTree = "<group>"; };
		84F24FFD1977630200013F47 /* IGRequest.m */ = {isa = PBXFileReference; fileEncoding = 4; lastKnownFileType = sourcecode.c.objc; path = IGRequest.m; sourceTree = "<group>"; };
		84F24FFE1977630200013F47 /* Instagram.h */ = {isa = PBXFileReference; fileEncoding = 4; lastKnownFileType = sourcecode.c.h; path = Instagram.h; sourceTree = "<group>"; };
		84F24FFF1977630200013F47 /* Instagram.m */ = {isa = PBXFileReference; fileEncoding = 4; lastKnownFileType = sourcecode.c.objc; path = Instagram.m; sourceTree = "<group>"; };
		84F250051981BD9600013F47 /* CustomAnnotation.h */ = {isa = PBXFileReference; fileEncoding = 4; lastKnownFileType = sourcecode.c.h; name = CustomAnnotation.h; path = ../CustomAnnotation.h; sourceTree = "<group>"; };
		84F250061981BD9600013F47 /* CustomAnnotation.m */ = {isa = PBXFileReference; fileEncoding = 4; lastKnownFileType = sourcecode.c.objc; name = CustomAnnotation.m; path = ../CustomAnnotation.m; sourceTree = "<group>"; };
		C7808E6F19B05FFA002E525E /* AppIcon29x29.png */ = {isa = PBXFileReference; lastKnownFileType = image.png; path = AppIcon29x29.png; sourceTree = "<group>"; };
		C7808E7019B05FFA002E525E /* AppIcon29x29@2x.png */ = {isa = PBXFileReference; lastKnownFileType = image.png; path = "AppIcon29x29@2x.png"; sourceTree = "<group>"; };
		C7808E7119B05FFA002E525E /* AppIcon40x40.png */ = {isa = PBXFileReference; lastKnownFileType = image.png; path = AppIcon40x40.png; sourceTree = "<group>"; };
		C7808E7219B05FFA002E525E /* AppIcon40x40@2x.png */ = {isa = PBXFileReference; lastKnownFileType = image.png; path = "AppIcon40x40@2x.png"; sourceTree = "<group>"; };
		C7808E7319B05FFA002E525E /* AppIcon50x50.png */ = {isa = PBXFileReference; lastKnownFileType = image.png; path = AppIcon50x50.png; sourceTree = "<group>"; };
		C7808E7419B05FFA002E525E /* AppIcon50x50@2x.png */ = {isa = PBXFileReference; lastKnownFileType = image.png; path = "AppIcon50x50@2x.png"; sourceTree = "<group>"; };
		C7808E7519B05FFA002E525E /* AppIcon57x57.png */ = {isa = PBXFileReference; lastKnownFileType = image.png; path = AppIcon57x57.png; sourceTree = "<group>"; };
		C7808E7619B05FFA002E525E /* AppIcon57x57@2x.png */ = {isa = PBXFileReference; lastKnownFileType = image.png; path = "AppIcon57x57@2x.png"; sourceTree = "<group>"; };
		C7808E7719B05FFA002E525E /* AppIcon60x60.png */ = {isa = PBXFileReference; lastKnownFileType = image.png; path = AppIcon60x60.png; sourceTree = "<group>"; };
		C7808E7819B05FFA002E525E /* AppIcon60x60@2x.png */ = {isa = PBXFileReference; lastKnownFileType = image.png; path = "AppIcon60x60@2x.png"; sourceTree = "<group>"; };
		C7808E7919B05FFA002E525E /* AppIcon72x72.png */ = {isa = PBXFileReference; lastKnownFileType = image.png; path = AppIcon72x72.png; sourceTree = "<group>"; };
		C7808E7A19B05FFA002E525E /* AppIcon72x72@2x.png */ = {isa = PBXFileReference; lastKnownFileType = image.png; path = "AppIcon72x72@2x.png"; sourceTree = "<group>"; };
		C7808E7B19B05FFA002E525E /* AppIcon76x76.png */ = {isa = PBXFileReference; lastKnownFileType = image.png; path = AppIcon76x76.png; sourceTree = "<group>"; };
		C7808E7C19B05FFA002E525E /* AppIcon76x76@2x.png */ = {isa = PBXFileReference; lastKnownFileType = image.png; path = "AppIcon76x76@2x.png"; sourceTree = "<group>"; };
		C7808E7D19B05FFA002E525E /* iTunesArtwork.png */ = {isa = PBXFileReference; lastKnownFileType = image.png; path = iTunesArtwork.png; sourceTree = "<group>"; };
		C7808E7E19B05FFA002E525E /* iTunesArtwork@2x.png */ = {isa = PBXFileReference; lastKnownFileType = image.png; path = "iTunesArtwork@2x.png"; sourceTree = "<group>"; };
/* End PBXFileReference section */

/* Begin PBXFrameworksBuildPhase section */
		84DA0D1518F92C2B00DE364F /* Frameworks */ = {
			isa = PBXFrameworksBuildPhase;
			buildActionMask = 2147483647;
			files = (
				84B15D2F19995FCB00F94E9C /* CoreImage.framework in Frameworks */,
				84B15D2D19995F2100F94E9C /* QuartzCore.framework in Frameworks */,
				84068DA4196B8F750053355C /* MobileCoreServices.framework in Frameworks */,
				846F8A4E1965D450000401E8 /* MapKit.framework in Frameworks */,
				846F8A4C1965C184000401E8 /* CoreLocation.framework in Frameworks */,
				8402702A18F9C0CB00598EE2 /* CoreMotion.framework in Frameworks */,
				84DA0D1E18F92C2B00DE364F /* CoreGraphics.framework in Frameworks */,
				84DA0D2218F92C2B00DE364F /* CoreData.framework in Frameworks */,
				84DA0D2018F92C2B00DE364F /* UIKit.framework in Frameworks */,
				84DA0D1C18F92C2B00DE364F /* Foundation.framework in Frameworks */,
			);
			runOnlyForDeploymentPostprocessing = 0;
		};
		84DA0D3518F92C2B00DE364F /* Frameworks */ = {
			isa = PBXFrameworksBuildPhase;
			buildActionMask = 2147483647;
			files = (
				84DA0D3A18F92C2B00DE364F /* XCTest.framework in Frameworks */,
				84DA0D3D18F92C2B00DE364F /* CoreData.framework in Frameworks */,
				84DA0D3C18F92C2B00DE364F /* UIKit.framework in Frameworks */,
				84DA0D3B18F92C2B00DE364F /* Foundation.framework in Frameworks */,
			);
			runOnlyForDeploymentPostprocessing = 0;
		};
/* End PBXFrameworksBuildPhase section */

/* Begin PBXGroup section */
		84033B3D19E25BD800B260FB /* Bucket List */ = {
			isa = PBXGroup;
			children = (
				84033B4719E267CA00B260FB /* BucketListViewController.h */,
				84033B4819E267CA00B260FB /* BucketListViewController.m */,
				84033B4919E267CA00B260FB /* BucketListViewController.xib */,
			);
			name = "Bucket List";
			sourceTree = "<group>";
		};
		84068D9F196B4ED80053355C /* Data */ = {
			isa = PBXGroup;
			children = (
				84F250051981BD9600013F47 /* CustomAnnotation.h */,
				84F250061981BD9600013F47 /* CustomAnnotation.m */,
				84F24FE21973970000013F47 /* User.h */,
				84F24FE31973970000013F47 /* User.m */,
				84F24FED1975F17300013F47 /* WGMap.h */,
				84F24FEE1975F17300013F47 /* WGMap.m */,
				84DEE29A19B96B64004C58E4 /* PictureArray.h */,
				84DEE29B19B96B64004C58E4 /* PictureArray.m */,
			);
			name = Data;
			sourceTree = "<group>";
		};
		8438BF1119BE7FF800E5B4FA /* TableData */ = {
			isa = PBXGroup;
			children = (
				8438BF1219BE801200E5B4FA /* BaseDisplay.h */,
				8438BF1319BE801200E5B4FA /* BaseDisplay.m */,
				8438BF1519BE803300E5B4FA /* UserDisplay.h */,
				8438BF1619BE803300E5B4FA /* UserDisplay.m */,
				8438BF1819BE810A00E5B4FA /* HashDisplay.h */,
				8438BF1919BE810A00E5B4FA /* HashDisplay.m */,
				8438BF1B19BE815C00E5B4FA /* LocationDisplay.h */,
				8438BF1C19BE815C00E5B4FA /* LocationDisplay.m */,
			);
			name = TableData;
			sourceTree = "<group>";
		};
		843C98D819CD173700F3D428 /* Comments */ = {
			isa = PBXGroup;
			children = (
				843C98DE19CD193E00F3D428 /* CommentTableViewCell.h */,
				843C98DF19CD193E00F3D428 /* CommentTableViewCell.m */,
				843C98E019CD193E00F3D428 /* CommentTableViewCell.xib */,
				843C98E319CD1C6900F3D428 /* CommentsViewController.h */,
				843C98E419CD1C6900F3D428 /* CommentsViewController.m */,
				843C98E519CD1C6900F3D428 /* CommentsViewController.xib */,
				84ECB48919EEF26500D5F795 /* CommentDataWrapper.h */,
				84ECB48A19EEF26500D5F795 /* CommentDataWrapper.m */,
			);
			name = Comments;
			sourceTree = "<group>";
		};
		84A281F419C651CF001AAC1F /* Feed */ = {
			isa = PBXGroup;
			children = (
				84A281F519C65219001AAC1F /* UserFeedViewController.h */,
				84A281F619C65219001AAC1F /* UserFeedViewController.m */,
				84A281F719C65219001AAC1F /* UserFeedViewController.xib */,
			);
			name = Feed;
			sourceTree = "<group>";
		};
		84A79CF319CA351C00D88456 /* Background */ = {
			isa = PBXGroup;
			children = (
				84A79CF419CA353E00D88456 /* BackgroundOperations.h */,
				84A79CF519CA353E00D88456 /* BackgroundOperations.m */,
			);
			name = Background;
			sourceTree = "<group>";
		};
		84DA0D0F18F92C2B00DE364F = {
			isa = PBXGroup;
			children = (
				84DA0D2318F92C2B00DE364F /* Twerk */,
				84DA0D4018F92C2B00DE364F /* TwerkTests */,
				84DA0D1A18F92C2B00DE364F /* Frameworks */,
				84DA0D1918F92C2B00DE364F /* Products */,
			);
			sourceTree = "<group>";
		};
		84DA0D1918F92C2B00DE364F /* Products */ = {
			isa = PBXGroup;
			children = (
				84DA0D1818F92C2B00DE364F /* Picto.app */,
				84DA0D3818F92C2B00DE364F /* PictoTests.xctest */,
			);
			name = Products;
			sourceTree = "<group>";
		};
		84DA0D1A18F92C2B00DE364F /* Frameworks */ = {
			isa = PBXGroup;
			children = (
				84B15D2E19995FCB00F94E9C /* CoreImage.framework */,
				84B15D2C19995F2100F94E9C /* QuartzCore.framework */,
				84068DA3196B8F750053355C /* MobileCoreServices.framework */,
				846F8A4D1965D450000401E8 /* MapKit.framework */,
				846F8A4B1965C184000401E8 /* CoreLocation.framework */,
				8402702918F9C0CB00598EE2 /* CoreMotion.framework */,
				84DA0D1B18F92C2B00DE364F /* Foundation.framework */,
				84DA0D1D18F92C2B00DE364F /* CoreGraphics.framework */,
				84DA0D1F18F92C2B00DE364F /* UIKit.framework */,
				84DA0D2118F92C2B00DE364F /* CoreData.framework */,
				84DA0D3918F92C2B00DE364F /* XCTest.framework */,
			);
			name = Frameworks;
			sourceTree = "<group>";
		};
		84DA0D2318F92C2B00DE364F /* Twerk */ = {
			isa = PBXGroup;
			children = (
				84033B3D19E25BD800B260FB /* Bucket List */,
				843C98D819CD173700F3D428 /* Comments */,
				84A79CF319CA351C00D88456 /* Background */,
				84A281F419C651CF001AAC1F /* Feed */,
				8438BF1119BE7FF800E5B4FA /* TableData */,
				C7808E6D19B05FFA002E525E /* Images */,
				84F24FFA1977630200013F47 /* instagram-ios-sdk */,
				84068D9F196B4ED80053355C /* Data */,
				84DA0D2C18F92C2B00DE364F /* AppDelegate.h */,
				84DA0D2D18F92C2B00DE364F /* AppDelegate.m */,
				84DA0D2F18F92C2B00DE364F /* Twerk.xcdatamodeld */,
				84DEE24419B56883004C58E4 /* Image.xcassets */,
				8461E940194ED2C300E2D809 /* LoginViewController.h */,
				8461E941194ED2C300E2D809 /* LoginViewController.m */,
				8461E942194ED2C300E2D809 /* LoginViewController.xib */,
				84DEE29D19B98937004C58E4 /* Search */,
				84DEE29919B8E955004C58E4 /* Settings VC */,
				84DA0D2418F92C2B00DE364F /* Supporting Files */,
				8461E93E194ED24700E2D809 /* READ.rtf */,
				84F24FF819764A5A00013F47 /* TODO.rtf */,
				846F8A44196498AE000401E8 /* MapViewController.h */,
				846F8A45196498AE000401E8 /* MapViewController.m */,
				846F8A46196498AE000401E8 /* MapViewController.xib */,
				84A281FA19C6ACE0001AAC1F /* CustomCallView.h */,
				84A281FB19C6ACE0001AAC1F /* CustomCallView.m */,
				84A281FD19C6AD05001AAC1F /* CustomCalloutView.xib */,
			);
			path = Twerk;
			sourceTree = "<group>";
		};
		84DA0D2418F92C2B00DE364F /* Supporting Files */ = {
			isa = PBXGroup;
			children = (
				84B15D3C199AE15D00F94E9C /* wouldbang.png */,
				84B15D3A199AE0B500F94E9C /* getfucked.png */,
				84B15D38199ADDA500F94E9C /* lulsides.png */,
				8402703218F9E71800598EE2 /* butt.png */,
				84DA0D2518F92C2B00DE364F /* Picto-Info.plist */,
				84DA0D2618F92C2B00DE364F /* InfoPlist.strings */,
				84DA0D2918F92C2B00DE364F /* main.m */,
				84DA0D2B18F92C2B00DE364F /* Picto-Prefix.pch */,
			);
			name = "Supporting Files";
			sourceTree = "<group>";
		};
		84DA0D4018F92C2B00DE364F /* TwerkTests */ = {
			isa = PBXGroup;
			children = (
				84DA0D4618F92C2B00DE364F /* TwerkTests.m */,
				84DA0D4118F92C2B00DE364F /* Supporting Files */,
			);
			path = TwerkTests;
			sourceTree = "<group>";
		};
		84DA0D4118F92C2B00DE364F /* Supporting Files */ = {
			isa = PBXGroup;
			children = (
				84DA0D4218F92C2B00DE364F /* PictoTests-Info.plist */,
				84DA0D4318F92C2B00DE364F /* InfoPlist.strings */,
			);
			name = "Supporting Files";
			sourceTree = "<group>";
		};
		84DEE29919B8E955004C58E4 /* Settings VC */ = {
			isa = PBXGroup;
			children = (
				84ECB48C19F33ECB00D5F795 /* Additional-Info */,
				84A2819919C12825001AAC1F /* TVTableSettingsViewCell.h */,
				84A2819A19C12825001AAC1F /* TVTableSettingsViewCell.m */,
				84A2819B19C12825001AAC1F /* TVTableSettingsViewCell.xib */,
				84DEE2AC19BA5285004C58E4 /* SettingsTableViewController.h */,
				84DEE2AD19BA5285004C58E4 /* SettingsTableViewController.m */,
				84DEE2AE19BA5285004C58E4 /* SettingsTableViewController.xib */,
				84A2819E19C12874001AAC1F /* TVSettingsObject.h */,
				84A2819F19C12874001AAC1F /* TVSettingsObject.m */,
			);
			name = "Settings VC";
			sourceTree = "<group>";
		};
		84DEE29D19B98937004C58E4 /* Search */ = {
			isa = PBXGroup;
			children = (
				84F24FEA1974EBB500013F47 /* SearchData.h */,
				84F24FEB1974EBB500013F47 /* SearchData.m */,
				84ECA6B219BD0EE000757F87 /* HashTagSearch.h */,
				84ECA6B319BD0EE000757F87 /* HashTagSearch.m */,
				84ECA6B519BD24AC00757F87 /* LocationSearch.h */,
				84ECA6B619BD24AC00757F87 /* LocationSearch.m */,
			);
			name = Search;
			sourceTree = "<group>";
		};
		84ECB48C19F33ECB00D5F795 /* Additional-Info */ = {
			isa = PBXGroup;
			children = (
				84ECB48D19F33EF200D5F795 /* AboutMeViewController.h */,
				84ECB48E19F33EF200D5F795 /* AboutMeViewController.m */,
				84ECB48F19F33EF200D5F795 /* AboutMeViewController.xib */,
				84ECB49219F33F0300D5F795 /* TutorialViewController.h */,
				84ECB49319F33F0300D5F795 /* TutorialViewController.m */,
				84ECB49419F33F0300D5F795 /* TutorialViewController.xib */,
			);
			name = "Additional-Info";
			sourceTree = "<group>";
		};
		84F24FFA1977630200013F47 /* instagram-ios-sdk */ = {
			isa = PBXGroup;
			children = (
				84F24FFB1977630200013F47 /* IGConnect.h */,
				84F24FFC1977630200013F47 /* IGRequest.h */,
				84F24FFD1977630200013F47 /* IGRequest.m */,
				84F24FFE1977630200013F47 /* Instagram.h */,
				84F24FFF1977630200013F47 /* Instagram.m */,
			);
			path = "instagram-ios-sdk";
			sourceTree = "<group>";
		};
		C7808E6D19B05FFA002E525E /* Images */ = {
			isa = PBXGroup;
			children = (
				C7808E6E19B05FFA002E525E /* Icons */,
			);
			path = Images;
			sourceTree = SOURCE_ROOT;
		};
		C7808E6E19B05FFA002E525E /* Icons */ = {
			isa = PBXGroup;
			children = (
				C7808E6F19B05FFA002E525E /* AppIcon29x29.png */,
				C7808E7019B05FFA002E525E /* AppIcon29x29@2x.png */,
				C7808E7119B05FFA002E525E /* AppIcon40x40.png */,
				C7808E7219B05FFA002E525E /* AppIcon40x40@2x.png */,
				C7808E7319B05FFA002E525E /* AppIcon50x50.png */,
				C7808E7419B05FFA002E525E /* AppIcon50x50@2x.png */,
				C7808E7519B05FFA002E525E /* AppIcon57x57.png */,
				C7808E7619B05FFA002E525E /* AppIcon57x57@2x.png */,
				C7808E7719B05FFA002E525E /* AppIcon60x60.png */,
				C7808E7819B05FFA002E525E /* AppIcon60x60@2x.png */,
				C7808E7919B05FFA002E525E /* AppIcon72x72.png */,
				C7808E7A19B05FFA002E525E /* AppIcon72x72@2x.png */,
				C7808E7B19B05FFA002E525E /* AppIcon76x76.png */,
				C7808E7C19B05FFA002E525E /* AppIcon76x76@2x.png */,
				C7808E7D19B05FFA002E525E /* iTunesArtwork.png */,
				C7808E7E19B05FFA002E525E /* iTunesArtwork@2x.png */,
			);
			path = Icons;
			sourceTree = "<group>";
		};
/* End PBXGroup section */

/* Begin PBXNativeTarget section */
		84DA0D1718F92C2B00DE364F /* Picto */ = {
			isa = PBXNativeTarget;
			buildConfigurationList = 84DA0D4A18F92C2B00DE364F /* Build configuration list for PBXNativeTarget "Picto" */;
			buildPhases = (
				84DA0D1418F92C2B00DE364F /* Sources */,
				84DA0D1518F92C2B00DE364F /* Frameworks */,
				84DA0D1618F92C2B00DE364F /* Resources */,
			);
			buildRules = (
			);
			dependencies = (
			);
			name = Picto;
			productName = Twerk;
			productReference = 84DA0D1818F92C2B00DE364F /* Picto.app */;
			productType = "com.apple.product-type.application";
		};
		84DA0D3718F92C2B00DE364F /* PictoTests */ = {
			isa = PBXNativeTarget;
			buildConfigurationList = 84DA0D4D18F92C2B00DE364F /* Build configuration list for PBXNativeTarget "PictoTests" */;
			buildPhases = (
				84DA0D3418F92C2B00DE364F /* Sources */,
				84DA0D3518F92C2B00DE364F /* Frameworks */,
				84DA0D3618F92C2B00DE364F /* Resources */,
			);
			buildRules = (
			);
			dependencies = (
				84DA0D3F18F92C2B00DE364F /* PBXTargetDependency */,
			);
			name = PictoTests;
			productName = TwerkTests;
			productReference = 84DA0D3818F92C2B00DE364F /* PictoTests.xctest */;
			productType = "com.apple.product-type.bundle.unit-test";
		};
/* End PBXNativeTarget section */

/* Begin PBXProject section */
		84DA0D1018F92C2B00DE364F /* Project object */ = {
			isa = PBXProject;
			attributes = {
				LastUpgradeCheck = 0510;
				ORGANIZATIONNAME = "William Gu";
				TargetAttributes = {
					84DA0D1718F92C2B00DE364F = {
						DevelopmentTeam = X8C323275L;
						SystemCapabilities = {
							com.apple.BackgroundModes = {
								enabled = 1;
							};
							com.apple.InterAppAudio = {
								enabled = 0;
							};
						};
					};
					84DA0D3718F92C2B00DE364F = {
						TestTargetID = 84DA0D1718F92C2B00DE364F;
					};
				};
			};
			buildConfigurationList = 84DA0D1318F92C2B00DE364F /* Build configuration list for PBXProject "Picto" */;
			compatibilityVersion = "Xcode 3.2";
			developmentRegion = English;
			hasScannedForEncodings = 0;
			knownRegions = (
				en,
			);
			mainGroup = 84DA0D0F18F92C2B00DE364F;
			productRefGroup = 84DA0D1918F92C2B00DE364F /* Products */;
			projectDirPath = "";
			projectRoot = "";
			targets = (
				84DA0D1718F92C2B00DE364F /* Picto */,
				84DA0D3718F92C2B00DE364F /* PictoTests */,
			);
		};
/* End PBXProject section */

/* Begin PBXResourcesBuildPhase section */
		84DA0D1618F92C2B00DE364F /* Resources */ = {
			isa = PBXResourcesBuildPhase;
			buildActionMask = 2147483647;
			files = (
				C7808E8019B05FFA002E525E /* AppIcon29x29@2x.png in Resources */,
				8461E93F194ED24700E2D809 /* READ.rtf in Resources */,
				C7808E8B19B05FFA002E525E /* AppIcon76x76.png in Resources */,
				C7808E8619B05FFA002E525E /* AppIcon57x57@2x.png in Resources */,
				C7808E8219B05FFA002E525E /* AppIcon40x40@2x.png in Resources */,
				84A281F919C65219001AAC1F /* UserFeedViewController.xib in Resources */,
				84A2819D19C12825001AAC1F /* TVTableSettingsViewCell.xib in Resources */,
				84B15D39199ADDA500F94E9C /* lulsides.png in Resources */,
				84DA0D2818F92C2B00DE364F /* InfoPlist.strings in Resources */,
				C7808E8919B05FFA002E525E /* AppIcon72x72.png in Resources */,
				843C98E219CD193E00F3D428 /* CommentTableViewCell.xib in Resources */,
				84B15D3B199AE0B500F94E9C /* getfucked.png in Resources */,
				843C98E719CD1C6900F3D428 /* CommentsViewController.xib in Resources */,
				C7808E8D19B05FFA002E525E /* iTunesArtwork.png in Resources */,
				C7808E8419B05FFA002E525E /* AppIcon50x50@2x.png in Resources */,
				8461E944194ED2C300E2D809 /* LoginViewController.xib in Resources */,
				846F8A48196498AE000401E8 /* MapViewController.xib in Resources */,
				C7808E8C19B05FFA002E525E /* AppIcon76x76@2x.png in Resources */,
				C7808E8819B05FFA002E525E /* AppIcon60x60@2x.png in Resources */,
				8402703318F9E71800598EE2 /* butt.png in Resources */,
				C7808E8E19B05FFA002E525E /* iTunesArtwork@2x.png in Resources */,
				C7808E7F19B05FFA002E525E /* AppIcon29x29.png in Resources */,
				C7808E8119B05FFA002E525E /* AppIcon40x40.png in Resources */,
				C7808E8A19B05FFA002E525E /* AppIcon72x72@2x.png in Resources */,
				84A281FE19C6AD05001AAC1F /* CustomCalloutView.xib in Resources */,
				84033B4B19E267CA00B260FB /* BucketListViewController.xib in Resources */,
				84B15D3D199AE15D00F94E9C /* wouldbang.png in Resources */,
				84DEE2B019BA5285004C58E4 /* SettingsTableViewController.xib in Resources */,
				C7808E8519B05FFA002E525E /* AppIcon57x57.png in Resources */,
				84DEE24519B56883004C58E4 /* Image.xcassets in Resources */,
				84ECB49119F33EF200D5F795 /* AboutMeViewController.xib in Resources */,
				84ECB49619F33F0300D5F795 /* TutorialViewController.xib in Resources */,
				84F24FF919764A5A00013F47 /* TODO.rtf in Resources */,
				C7808E8319B05FFA002E525E /* AppIcon50x50.png in Resources */,
				C7808E8719B05FFA002E525E /* AppIcon60x60.png in Resources */,
			);
			runOnlyForDeploymentPostprocessing = 0;
		};
		84DA0D3618F92C2B00DE364F /* Resources */ = {
			isa = PBXResourcesBuildPhase;
			buildActionMask = 2147483647;
			files = (
				84DA0D4518F92C2B00DE364F /* InfoPlist.strings in Resources */,
			);
			runOnlyForDeploymentPostprocessing = 0;
		};
/* End PBXResourcesBuildPhase section */

/* Begin PBXSourcesBuildPhase section */
		84DA0D1418F92C2B00DE364F /* Sources */ = {
			isa = PBXSourcesBuildPhase;
			buildActionMask = 2147483647;
			files = (
				84F250071981BD9600013F47 /* CustomAnnotation.m in Sources */,
				84ECA6B419BD0EE000757F87 /* HashTagSearch.m in Sources */,
				843C98E119CD193E00F3D428 /* CommentTableViewCell.m in Sources */,
				84F24FE41973970000013F47 /* User.m in Sources */,
				84DA0D3118F92C2B00DE364F /* Twerk.xcdatamodeld in Sources */,
				84ECA6B719BD24AC00757F87 /* LocationSearch.m in Sources */,
				84A79CF619CA353E00D88456 /* BackgroundOperations.m in Sources */,
				84DEE29C19B96B64004C58E4 /* PictureArray.m in Sources */,
				8438BF1419BE801200E5B4FA /* BaseDisplay.m in Sources */,
				84A2819C19C12825001AAC1F /* TVTableSettingsViewCell.m in Sources */,
				843C98E619CD1C6900F3D428 /* CommentsViewController.m in Sources */,
				84F250011977630200013F47 /* Instagram.m in Sources */,
				846F8A47196498AE000401E8 /* MapViewController.m in Sources */,
				8438BF1D19BE815C00E5B4FA /* LocationDisplay.m in Sources */,
				84ECB49519F33F0300D5F795 /* TutorialViewController.m in Sources */,
				84A281FC19C6ACE0001AAC1F /* CustomCallView.m in Sources */,
				84A281F819C65219001AAC1F /* UserFeedViewController.m in Sources */,
				84F250001977630200013F47 /* IGRequest.m in Sources */,
				84ECB48B19EEF26500D5F795 /* CommentDataWrapper.m in Sources */,
				84F24FEF1975F17300013F47 /* WGMap.m in Sources */,
				84A281A019C12874001AAC1F /* TVSettingsObject.m in Sources */,
				84DEE2AF19BA5285004C58E4 /* SettingsTableViewController.m in Sources */,
				84ECB49019F33EF200D5F795 /* AboutMeViewController.m in Sources */,
				84DA0D2E18F92C2B00DE364F /* AppDelegate.m in Sources */,
				84F24FEC1974EBB500013F47 /* SearchData.m in Sources */,
				84DA0D2A18F92C2B00DE364F /* main.m in Sources */,
				8438BF1A19BE810A00E5B4FA /* HashDisplay.m in Sources */,
				84033B4A19E267CA00B260FB /* BucketListViewController.m in Sources */,
				8438BF1719BE803300E5B4FA /* UserDisplay.m in Sources */,
				8461E943194ED2C300E2D809 /* LoginViewController.m in Sources */,
			);
			runOnlyForDeploymentPostprocessing = 0;
		};
		84DA0D3418F92C2B00DE364F /* Sources */ = {
			isa = PBXSourcesBuildPhase;
			buildActionMask = 2147483647;
			files = (
				84DA0D4718F92C2B00DE364F /* TwerkTests.m in Sources */,
			);
			runOnlyForDeploymentPostprocessing = 0;
		};
/* End PBXSourcesBuildPhase section */

/* Begin PBXTargetDependency section */
		84DA0D3F18F92C2B00DE364F /* PBXTargetDependency */ = {
			isa = PBXTargetDependency;
			target = 84DA0D1718F92C2B00DE364F /* Picto */;
			targetProxy = 84DA0D3E18F92C2B00DE364F /* PBXContainerItemProxy */;
		};
/* End PBXTargetDependency section */

/* Begin PBXVariantGroup section */
		84DA0D2618F92C2B00DE364F /* InfoPlist.strings */ = {
			isa = PBXVariantGroup;
			children = (
				84DA0D2718F92C2B00DE364F /* en */,
			);
			name = InfoPlist.strings;
			sourceTree = "<group>";
		};
		84DA0D4318F92C2B00DE364F /* InfoPlist.strings */ = {
			isa = PBXVariantGroup;
			children = (
				84DA0D4418F92C2B00DE364F /* en */,
			);
			name = InfoPlist.strings;
			sourceTree = "<group>";
		};
/* End PBXVariantGroup section */

/* Begin XCBuildConfiguration section */
		84DA0D4818F92C2B00DE364F /* Debug */ = {
			isa = XCBuildConfiguration;
			buildSettings = {
				ALWAYS_SEARCH_USER_PATHS = NO;
				CLANG_CXX_LANGUAGE_STANDARD = "gnu++0x";
				CLANG_CXX_LIBRARY = "libc++";
				CLANG_ENABLE_MODULES = YES;
				CLANG_ENABLE_OBJC_ARC = YES;
				CLANG_WARN_BOOL_CONVERSION = YES;
				CLANG_WARN_CONSTANT_CONVERSION = YES;
				CLANG_WARN_DIRECT_OBJC_ISA_USAGE = YES_ERROR;
				CLANG_WARN_EMPTY_BODY = YES;
				CLANG_WARN_ENUM_CONVERSION = YES;
				CLANG_WARN_INT_CONVERSION = YES;
				CLANG_WARN_OBJC_ROOT_CLASS = YES_ERROR;
				CLANG_WARN__DUPLICATE_METHOD_MATCH = YES;
				CODE_SIGN_IDENTITY = "iPhone Developer";
				"CODE_SIGN_IDENTITY[sdk=iphoneos*]" = "iPhone Developer";
				COPY_PHASE_STRIP = NO;
				GCC_C_LANGUAGE_STANDARD = gnu99;
				GCC_DYNAMIC_NO_PIC = NO;
				GCC_OPTIMIZATION_LEVEL = 0;
				GCC_PREPROCESSOR_DEFINITIONS = (
					"DEBUG=1",
					"$(inherited)",
				);
				GCC_SYMBOLS_PRIVATE_EXTERN = NO;
				GCC_WARN_64_TO_32_BIT_CONVERSION = YES;
				GCC_WARN_ABOUT_RETURN_TYPE = YES_ERROR;
				GCC_WARN_UNDECLARED_SELECTOR = YES;
				GCC_WARN_UNINITIALIZED_AUTOS = YES_AGGRESSIVE;
				GCC_WARN_UNUSED_FUNCTION = YES;
				GCC_WARN_UNUSED_VARIABLE = YES;
				IPHONEOS_DEPLOYMENT_TARGET = 7.1;
				ONLY_ACTIVE_ARCH = YES;
				SDKROOT = iphoneos;
			};
			name = Debug;
		};
		84DA0D4918F92C2B00DE364F /* Release */ = {
			isa = XCBuildConfiguration;
			buildSettings = {
				ALWAYS_SEARCH_USER_PATHS = NO;
				CLANG_CXX_LANGUAGE_STANDARD = "gnu++0x";
				CLANG_CXX_LIBRARY = "libc++";
				CLANG_ENABLE_MODULES = YES;
				CLANG_ENABLE_OBJC_ARC = YES;
				CLANG_WARN_BOOL_CONVERSION = YES;
				CLANG_WARN_CONSTANT_CONVERSION = YES;
				CLANG_WARN_DIRECT_OBJC_ISA_USAGE = YES_ERROR;
				CLANG_WARN_EMPTY_BODY = YES;
				CLANG_WARN_ENUM_CONVERSION = YES;
				CLANG_WARN_INT_CONVERSION = YES;
				CLANG_WARN_OBJC_ROOT_CLASS = YES_ERROR;
				CLANG_WARN__DUPLICATE_METHOD_MATCH = YES;
				CODE_SIGN_IDENTITY = "iPhone Distribution";
				"CODE_SIGN_IDENTITY[sdk=iphoneos*]" = "iPhone Distribution: William Gu (X8C323275L)";
				COPY_PHASE_STRIP = YES;
				ENABLE_NS_ASSERTIONS = NO;
				GCC_C_LANGUAGE_STANDARD = gnu99;
				GCC_WARN_64_TO_32_BIT_CONVERSION = YES;
				GCC_WARN_ABOUT_RETURN_TYPE = YES_ERROR;
				GCC_WARN_UNDECLARED_SELECTOR = YES;
				GCC_WARN_UNINITIALIZED_AUTOS = YES_AGGRESSIVE;
				GCC_WARN_UNUSED_FUNCTION = YES;
				GCC_WARN_UNUSED_VARIABLE = YES;
				IPHONEOS_DEPLOYMENT_TARGET = 7.1;
				SDKROOT = iphoneos;
				VALIDATE_PRODUCT = YES;
			};
			name = Release;
		};
		84DA0D4B18F92C2B00DE364F /* Debug */ = {
			isa = XCBuildConfiguration;
			buildSettings = {
				ASSETCATALOG_COMPILER_APPICON_NAME = AppIcon;
				ASSETCATALOG_COMPILER_LAUNCHIMAGE_NAME = LaunchImage;
				CODE_SIGN_IDENTITY = "iPhone Developer";
				"CODE_SIGN_IDENTITY[sdk=iphoneos*]" = "iPhone Developer";
				FRAMEWORK_SEARCH_PATHS = (
					"$(inherited)",
					"$(PROJECT_DIR)",
				);
				GCC_PRECOMPILE_PREFIX_HEADER = YES;
				GCC_PREFIX_HEADER = "Twerk/Picto-Prefix.pch";
				INFOPLIST_FILE = "Twerk/Picto-Info.plist";
				IPHONEOS_DEPLOYMENT_TARGET = 8.0;
				PRODUCT_NAME = Picto;
				PROVISIONING_PROFILE = "0c2c860a-024d-46cd-adf5-f6c8586d096b";
				WRAPPER_EXTENSION = app;
			};
			name = Debug;
		};
		84DA0D4C18F92C2B00DE364F /* Release */ = {
			isa = XCBuildConfiguration;
			buildSettings = {
				ASSETCATALOG_COMPILER_APPICON_NAME = AppIcon;
				ASSETCATALOG_COMPILER_LAUNCHIMAGE_NAME = LaunchImage;
				CODE_SIGN_IDENTITY = "iPhone Distribution: William Gu (X8C323275L)";
				"CODE_SIGN_IDENTITY[sdk=iphoneos*]" = "iPhone Distribution: William Gu (X8C323275L)";
				FRAMEWORK_SEARCH_PATHS = (
					"$(inherited)",
					"$(PROJECT_DIR)",
				);
				GCC_PRECOMPILE_PREFIX_HEADER = YES;
				GCC_PREFIX_HEADER = "Twerk/Picto-Prefix.pch";
				INFOPLIST_FILE = "Twerk/Picto-Info.plist";
				IPHONEOS_DEPLOYMENT_TARGET = 8.0;
				PRODUCT_NAME = Picto;
				PROVISIONING_PROFILE = "0c2c860a-024d-46cd-adf5-f6c8586d096b";
				WRAPPER_EXTENSION = app;
			};
			name = Release;
		};
		84DA0D4E18F92C2B00DE364F /* Debug */ = {
			isa = XCBuildConfiguration;
			buildSettings = {
				BUNDLE_LOADER = "$(BUILT_PRODUCTS_DIR)/Twerk.app/Twerk";
				FRAMEWORK_SEARCH_PATHS = (
					"$(SDKROOT)/Developer/Library/Frameworks",
					"$(inherited)",
					"$(DEVELOPER_FRAMEWORKS_DIR)",
					"$(PROJECT_DIR)",
				);
				GCC_PRECOMPILE_PREFIX_HEADER = YES;
				GCC_PREFIX_HEADER = "Twerk/Twerk-Prefix.pch";
				GCC_PREPROCESSOR_DEFINITIONS = (
					"DEBUG=1",
					"$(inherited)",
				);
				INFOPLIST_FILE = "TwerkTests/PictoTests-Info.plist";
				PRODUCT_NAME = PictoTests;
				TEST_HOST = "$(BUNDLE_LOADER)";
				WRAPPER_EXTENSION = xctest;
			};
			name = Debug;
		};
		84DA0D4F18F92C2B00DE364F /* Release */ = {
			isa = XCBuildConfiguration;
			buildSettings = {
				BUNDLE_LOADER = "$(BUILT_PRODUCTS_DIR)/Twerk.app/Twerk";
				FRAMEWORK_SEARCH_PATHS = (
					"$(SDKROOT)/Developer/Library/Frameworks",
					"$(inherited)",
					"$(DEVELOPER_FRAMEWORKS_DIR)",
					"$(PROJECT_DIR)",
				);
				GCC_PRECOMPILE_PREFIX_HEADER = YES;
				GCC_PREFIX_HEADER = "Twerk/Twerk-Prefix.pch";
				INFOPLIST_FILE = "TwerkTests/PictoTests-Info.plist";
				PRODUCT_NAME = PictoTests;
				TEST_HOST = "$(BUNDLE_LOADER)";
				WRAPPER_EXTENSION = xctest;
			};
			name = Release;
		};
/* End XCBuildConfiguration section */

/* Begin XCConfigurationList section */
		84DA0D1318F92C2B00DE364F /* Build configuration list for PBXProject "Picto" */ = {
			isa = XCConfigurationList;
			buildConfigurations = (
				84DA0D4818F92C2B00DE364F /* Debug */,
				84DA0D4918F92C2B00DE364F /* Release */,
			);
			defaultConfigurationIsVisible = 0;
			defaultConfigurationName = Release;
		};
		84DA0D4A18F92C2B00DE364F /* Build configuration list for PBXNativeTarget "Picto" */ = {
			isa = XCConfigurationList;
			buildConfigurations = (
				84DA0D4B18F92C2B00DE364F /* Debug */,
				84DA0D4C18F92C2B00DE364F /* Release */,
			);
			defaultConfigurationIsVisible = 0;
			defaultConfigurationName = Release;
		};
		84DA0D4D18F92C2B00DE364F /* Build configuration list for PBXNativeTarget "PictoTests" */ = {
			isa = XCConfigurationList;
			buildConfigurations = (
				84DA0D4E18F92C2B00DE364F /* Debug */,
				84DA0D4F18F92C2B00DE364F /* Release */,
			);
			defaultConfigurationIsVisible = 0;
			defaultConfigurationName = Release;
		};
/* End XCConfigurationList section */

/* Begin XCVersionGroup section */
		84DA0D2F18F92C2B00DE364F /* Twerk.xcdatamodeld */ = {
			isa = XCVersionGroup;
			children = (
				84DA0D3018F92C2B00DE364F /* Twerk.xcdatamodel */,
			);
			currentVersion = 84DA0D3018F92C2B00DE364F /* Twerk.xcdatamodel */;
			path = Twerk.xcdatamodeld;
			sourceTree = "<group>";
			versionGroupType = wrapper.xcdatamodel;
		};
/* End XCVersionGroup section */
	};
	rootObject = 84DA0D1018F92C2B00DE364F /* Project object */;
}
